// !$*UTF8*$!
{
	archiveVersion = 1;
	classes = {
	};
	objectVersion = 55;
	objects = {

/* Begin PBXBuildFile section */
		1D25F5FB2752D1C600BF7C31 /* RecruitingTVC.swift in Sources */ = {isa = PBXBuildFile; fileRef = 1D25F5F92752D1C600BF7C31 /* RecruitingTVC.swift */; };
		1D25F5FC2752D1C600BF7C31 /* RecruitingTVC.xib in Resources */ = {isa = PBXBuildFile; fileRef = 1D25F5FA2752D1C600BF7C31 /* RecruitingTVC.xib */; };
		1DA5D064275BD7A100F78579 /* JoinVC.swift in Sources */ = {isa = PBXBuildFile; fileRef = 1DA5D063275BD7A100F78579 /* JoinVC.swift */; };
		1DF615C62752CD8F00D0CF7C /* RecruitingVC.swift in Sources */ = {isa = PBXBuildFile; fileRef = 1DF615C52752CD8F00D0CF7C /* RecruitingVC.swift */; };
		1DFC0BC1274C080300C5001D /* PublicGroupCVC.swift in Sources */ = {isa = PBXBuildFile; fileRef = 1DFC0BBF274C080300C5001D /* PublicGroupCVC.swift */; };
		1DFC0BC2274C080300C5001D /* PublicGroupCVC.xib in Resources */ = {isa = PBXBuildFile; fileRef = 1DFC0BC0274C080300C5001D /* PublicGroupCVC.xib */; };
		76F17246B58289076DF19965 /* Pods_ThunderRing.framework in Frameworks */ = {isa = PBXBuildFile; fileRef = 56E4DD19CD69E27D0BA6EDBC /* Pods_ThunderRing.framework */; };
		9212663F2747BB2B009DE534 /* TestDataModel.swift in Sources */ = {isa = PBXBuildFile; fileRef = 9212663E2747BB2B009DE534 /* TestDataModel.swift */; };
		921266422747BC54009DE534 /* TestTVC.swift in Sources */ = {isa = PBXBuildFile; fileRef = 921266412747BC54009DE534 /* TestTVC.swift */; };
		921266442747C83B009DE534 /* FirstTestVC.swift in Sources */ = {isa = PBXBuildFile; fileRef = 921266432747C83B009DE534 /* FirstTestVC.swift */; };
		9212667A2748055A009DE534 /* TestResultVC.swift in Sources */ = {isa = PBXBuildFile; fileRef = 921266792748055A009DE534 /* TestResultVC.swift */; };
		9212667C2748167D009DE534 /* UIColor+.swift in Sources */ = {isa = PBXBuildFile; fileRef = 9212667B2748167D009DE534 /* UIColor+.swift */; };
		92159C93275896EF0081F20B /* DINPro-Regular.otf in Resources */ = {isa = PBXBuildFile; fileRef = 92159C90275896E80081F20B /* DINPro-Regular.otf */; };
		92159C94275896EF0081F20B /* DINPro-Bold.otf in Resources */ = {isa = PBXBuildFile; fileRef = 92159C8E275896E80081F20B /* DINPro-Bold.otf */; };
		92159C95275896EF0081F20B /* DINPro-Black.otf in Resources */ = {isa = PBXBuildFile; fileRef = 92159C8F275896E80081F20B /* DINPro-Black.otf */; };
		92159C96275896EF0081F20B /* DINPro-Light.otf in Resources */ = {isa = PBXBuildFile; fileRef = 92159C92275896E80081F20B /* DINPro-Light.otf */; };
		92159C97275896EF0081F20B /* DINPro-Medium.otf in Resources */ = {isa = PBXBuildFile; fileRef = 92159C91275896E80081F20B /* DINPro-Medium.otf */; };
		92159C9A2758C21A0081F20B /* CreatePrivateVC.swift in Sources */ = {isa = PBXBuildFile; fileRef = 92159C992758C21A0081F20B /* CreatePrivateVC.swift */; };
		92159C9C2758C5B10081F20B /* CreatePrivateDetailVC.swift in Sources */ = {isa = PBXBuildFile; fileRef = 92159C9B2758C5B10081F20B /* CreatePrivateDetailVC.swift */; };
		92159CA02758D5620081F20B /* AddMemberVC.swift in Sources */ = {isa = PBXBuildFile; fileRef = 92159C9F2758D5620081F20B /* AddMemberVC.swift */; };
		92159CA22758D76D0081F20B /* MemberCVC.swift in Sources */ = {isa = PBXBuildFile; fileRef = 92159CA12758D76D0081F20B /* MemberCVC.swift */; };
		921A45C3275355AD001E8727 /* CreatePrivate.storyboard in Resources */ = {isa = PBXBuildFile; fileRef = 921A45C2275355AD001E8727 /* CreatePrivate.storyboard */; };
		92270D742750E1EB00364F3A /* AlarmDataModel.swift in Sources */ = {isa = PBXBuildFile; fileRef = 92270D732750E1EB00364F3A /* AlarmDataModel.swift */; };
		92291C522759130F0012927B /* CompleteCreatePrivateVC.swift in Sources */ = {isa = PBXBuildFile; fileRef = 92291C512759130F0012927B /* CompleteCreatePrivateVC.swift */; };
		9244097827AE68EB00034510 /* CreatePublicVC.swift in Sources */ = {isa = PBXBuildFile; fileRef = 9244097727AE68EB00034510 /* CreatePublicVC.swift */; };
		9244097A27AE7F9000034510 /* CompleteCreatePublicVC.swift in Sources */ = {isa = PBXBuildFile; fileRef = 9244097927AE7F9000034510 /* CompleteCreatePublicVC.swift */; };
		9252EB952769CA9100809FEA /* ContactDataModel.swift in Sources */ = {isa = PBXBuildFile; fileRef = 9252EB942769CA9100809FEA /* ContactDataModel.swift */; };
		9252EB97276A159F00809FEA /* UIImage+.swift in Sources */ = {isa = PBXBuildFile; fileRef = 9252EB96276A159F00809FEA /* UIImage+.swift */; };
		9258354E275C997900F64DC0 /* AccountInfo.storyboard in Resources */ = {isa = PBXBuildFile; fileRef = 9258354D275C997900F64DC0 /* AccountInfo.storyboard */; };
		92583550275C999100F64DC0 /* AccountInfoVC.swift in Sources */ = {isa = PBXBuildFile; fileRef = 9258354F275C999100F64DC0 /* AccountInfoVC.swift */; };
		925BAC332742B77E00126166 /* Images.xcassets in Resources */ = {isa = PBXBuildFile; fileRef = 925BAC322742B77E00126166 /* Images.xcassets */; };
		925BAC382742C5C800126166 /* PrivateGroupDataModel.swift in Sources */ = {isa = PBXBuildFile; fileRef = 925BAC372742C5C800126166 /* PrivateGroupDataModel.swift */; };
		925BAC3A2742C5D400126166 /* PublicGroupDataModel.swift in Sources */ = {isa = PBXBuildFile; fileRef = 925BAC392742C5D400126166 /* PublicGroupDataModel.swift */; };
		925BAC462742C76F00126166 /* PrivateListTVC.swift in Sources */ = {isa = PBXBuildFile; fileRef = 925BAC452742C76F00126166 /* PrivateListTVC.swift */; };
		925BAC482742C77C00126166 /* PublicListTVC.swift in Sources */ = {isa = PBXBuildFile; fileRef = 925BAC472742C77C00126166 /* PublicListTVC.swift */; };
		92609ACB274BB7E800F0E401 /* SetLightningTitleVC.swift in Sources */ = {isa = PBXBuildFile; fileRef = 92609ACA274BB7E800F0E401 /* SetLightningTitleVC.swift */; };
		92609ACD274BD9A700F0E401 /* SetLigntningDetailVC.swift in Sources */ = {isa = PBXBuildFile; fileRef = 92609ACC274BD9A700F0E401 /* SetLigntningDetailVC.swift */; };
		926290E127A40543006A3B58 /* PublicDetailVC.swift in Sources */ = {isa = PBXBuildFile; fileRef = 926290E027A40543006A3B58 /* PublicDetailVC.swift */; };
		926290E427A4055E006A3B58 /* CreatePublicDetailVC.swift in Sources */ = {isa = PBXBuildFile; fileRef = 926290E327A4055E006A3B58 /* CreatePublicDetailVC.swift */; };
		92687A5727501E5C000D9A5D /* CALayer+.swift in Sources */ = {isa = PBXBuildFile; fileRef = 92687A5627501E5C000D9A5D /* CALayer+.swift */; };
		926C7C1A2737F93E0020F851 /* AppDelegate.swift in Sources */ = {isa = PBXBuildFile; fileRef = 926C7C192737F93E0020F851 /* AppDelegate.swift */; };
		926C7C1C2737F93E0020F851 /* SceneDelegate.swift in Sources */ = {isa = PBXBuildFile; fileRef = 926C7C1B2737F93E0020F851 /* SceneDelegate.swift */; };
		926C7C1E2737F93E0020F851 /* MainVC.swift in Sources */ = {isa = PBXBuildFile; fileRef = 926C7C1D2737F93E0020F851 /* MainVC.swift */; };
		926C7C212737F93E0020F851 /* Main.storyboard in Resources */ = {isa = PBXBuildFile; fileRef = 926C7C1F2737F93E0020F851 /* Main.storyboard */; };
		926C7C232737F93F0020F851 /* Assets.xcassets in Resources */ = {isa = PBXBuildFile; fileRef = 926C7C222737F93F0020F851 /* Assets.xcassets */; };
		926C7C262737F93F0020F851 /* LaunchScreen.storyboard in Resources */ = {isa = PBXBuildFile; fileRef = 926C7C242737F93F0020F851 /* LaunchScreen.storyboard */; };
		926C7C372737FB4C0020F851 /* UIView+.swift in Sources */ = {isa = PBXBuildFile; fileRef = 926C7C362737FB4C0020F851 /* UIView+.swift */; };
		926C7C422737FE7B0020F851 /* UITextField+.swift in Sources */ = {isa = PBXBuildFile; fileRef = 926C7C412737FE7B0020F851 /* UITextField+.swift */; };
		926C7C442738022F0020F851 /* ChatListVC.swift in Sources */ = {isa = PBXBuildFile; fileRef = 926C7C432738022F0020F851 /* ChatListVC.swift */; };
		926C7C47273802460020F851 /* Chat.storyboard in Resources */ = {isa = PBXBuildFile; fileRef = 926C7C46273802460020F851 /* Chat.storyboard */; };
		926C7C49273802890020F851 /* ChatVC.swift in Sources */ = {isa = PBXBuildFile; fileRef = 926C7C48273802890020F851 /* ChatVC.swift */; };
		926C7C4E273802F80020F851 /* LightningVC.swift in Sources */ = {isa = PBXBuildFile; fileRef = 926C7C4D273802F80020F851 /* LightningVC.swift */; };
		926C7C50273803020020F851 /* AlarmVC.swift in Sources */ = {isa = PBXBuildFile; fileRef = 926C7C4F273803020020F851 /* AlarmVC.swift */; };
		926C7C522738030F0020F851 /* MyPageVC.swift in Sources */ = {isa = PBXBuildFile; fileRef = 926C7C512738030F0020F851 /* MyPageVC.swift */; };
		926C7C57273803980020F851 /* Lightning.storyboard in Resources */ = {isa = PBXBuildFile; fileRef = 926C7C56273803980020F851 /* Lightning.storyboard */; };
		926C7C59273803A10020F851 /* Alarm.storyboard in Resources */ = {isa = PBXBuildFile; fileRef = 926C7C58273803A10020F851 /* Alarm.storyboard */; };
		926C7C5B273803AA0020F851 /* MyPage.storyboard in Resources */ = {isa = PBXBuildFile; fileRef = 926C7C5A273803AA0020F851 /* MyPage.storyboard */; };
		926C7C5D2738043D0020F851 /* TabBarController.swift in Sources */ = {isa = PBXBuildFile; fileRef = 926C7C5C2738043D0020F851 /* TabBarController.swift */; };
		926C7C62273805B70020F851 /* NavigationController.swift in Sources */ = {isa = PBXBuildFile; fileRef = 926C7C61273805B70020F851 /* NavigationController.swift */; };
		9276B060275B443F00915F57 /* MyChatCVC.swift in Sources */ = {isa = PBXBuildFile; fileRef = 9276B05F275B443F00915F57 /* MyChatCVC.swift */; };
		9276B065275B44F700915F57 /* BaseCell.swift in Sources */ = {isa = PBXBuildFile; fileRef = 9276B064275B44F700915F57 /* BaseCell.swift */; };
		9276B067275B453E00915F57 /* BasePaddingLabel.swift in Sources */ = {isa = PBXBuildFile; fileRef = 9276B066275B453E00915F57 /* BasePaddingLabel.swift */; };
		9276B069275B457700915F57 /* UILabel+.swift in Sources */ = {isa = PBXBuildFile; fileRef = 9276B068275B457700915F57 /* UILabel+.swift */; };
		9276B06B275B458B00915F57 /* String+.swift in Sources */ = {isa = PBXBuildFile; fileRef = 9276B06A275B458B00915F57 /* String+.swift */; };
		9276B06E275B462900915F57 /* ChatDataModel.swift in Sources */ = {isa = PBXBuildFile; fileRef = 9276B06D275B462900915F57 /* ChatDataModel.swift */; };
		9276B070275B477A00915F57 /* CounterpartChatCVC.swift in Sources */ = {isa = PBXBuildFile; fileRef = 9276B06F275B477A00915F57 /* CounterpartChatCVC.swift */; };
		92800AD3274CB3E200CA3E7E /* Colors.xcassets in Resources */ = {isa = PBXBuildFile; fileRef = 92800AD2274CB3E200CA3E7E /* Colors.xcassets */; };
		928AE07B276B0D4C001155EE /* MainPrivateCVC.swift in Sources */ = {isa = PBXBuildFile; fileRef = 928AE07A276B0D4C001155EE /* MainPrivateCVC.swift */; };
		928FDA042760D130009AC059 /* MyPrivate.storyboard in Resources */ = {isa = PBXBuildFile; fileRef = 928FDA032760D130009AC059 /* MyPrivate.storyboard */; };
		928FDA062760D156009AC059 /* PrivateDetail.storyboard in Resources */ = {isa = PBXBuildFile; fileRef = 928FDA052760D156009AC059 /* PrivateDetail.storyboard */; };
		928FDA0B2760D1B5009AC059 /* MyPrivateVC.swift in Sources */ = {isa = PBXBuildFile; fileRef = 928FDA0A2760D1B5009AC059 /* MyPrivateVC.swift */; };
		928FDA0D2760D1C4009AC059 /* PrivateDetailVC.swift in Sources */ = {isa = PBXBuildFile; fileRef = 928FDA0C2760D1C4009AC059 /* PrivateDetailVC.swift */; };
		928FDA0F2760DBAB009AC059 /* MyPrivateTVC.swift in Sources */ = {isa = PBXBuildFile; fileRef = 928FDA0E2760DBAB009AC059 /* MyPrivateTVC.swift */; };
		92A57B94275CEF3200B47FC1 /* PrivateGroupCVC.swift in Sources */ = {isa = PBXBuildFile; fileRef = 92A57B92275CEF3200B47FC1 /* PrivateGroupCVC.swift */; };
		92A57B95275CEF3200B47FC1 /* PrivateGroupCVC.xib in Resources */ = {isa = PBXBuildFile; fileRef = 92A57B93275CEF3200B47FC1 /* PrivateGroupCVC.xib */; };
		92A57B98275CF03200B47FC1 /* PrivateGroupTVC.swift in Sources */ = {isa = PBXBuildFile; fileRef = 92A57B96275CF03200B47FC1 /* PrivateGroupTVC.swift */; };
		92A57B99275CF03200B47FC1 /* PrivateGroupTVC.xib in Resources */ = {isa = PBXBuildFile; fileRef = 92A57B97275CF03200B47FC1 /* PrivateGroupTVC.xib */; };
		92A5B29127398366004149B2 /* Storyboard.swift in Sources */ = {isa = PBXBuildFile; fileRef = 92A5B29027398366004149B2 /* Storyboard.swift */; };
		92A5B29327398378004149B2 /* Const.swift in Sources */ = {isa = PBXBuildFile; fileRef = 92A5B29227398378004149B2 /* Const.swift */; };
		92A5B295273983F0004149B2 /* ViewController.swift in Sources */ = {isa = PBXBuildFile; fileRef = 92A5B294273983F0004149B2 /* ViewController.swift */; };
		92A5B29727398835004149B2 /* UITabBar+.swift in Sources */ = {isa = PBXBuildFile; fileRef = 92A5B29627398835004149B2 /* UITabBar+.swift */; };
		92A5B29A27398D47004149B2 /* CustomNavigationBar.swift in Sources */ = {isa = PBXBuildFile; fileRef = 92A5B29927398D47004149B2 /* CustomNavigationBar.swift */; };
		92A5B29C27399997004149B2 /* UIViewController+.swift in Sources */ = {isa = PBXBuildFile; fileRef = 92A5B29B27399997004149B2 /* UIViewController+.swift */; };
		92A5B29F2739AA2F004149B2 /* MyPageAlarmTVC.swift in Sources */ = {isa = PBXBuildFile; fileRef = 92A5B29E2739AA2F004149B2 /* MyPageAlarmTVC.swift */; };
		92A5B2A12739AA49004149B2 /* AccountTVC.swift in Sources */ = {isa = PBXBuildFile; fileRef = 92A5B2A02739AA49004149B2 /* AccountTVC.swift */; };
		92A5B2A32739AA83004149B2 /* QuestionTVC.swift in Sources */ = {isa = PBXBuildFile; fileRef = 92A5B2A22739AA83004149B2 /* QuestionTVC.swift */; };
		92A5B2A52739AA95004149B2 /* InfoTVC.swift in Sources */ = {isa = PBXBuildFile; fileRef = 92A5B2A42739AA95004149B2 /* InfoTVC.swift */; };
		92A5B2A72739AAA0004149B2 /* LogOutTVC.swift in Sources */ = {isa = PBXBuildFile; fileRef = 92A5B2A62739AAA0004149B2 /* LogOutTVC.swift */; };
		92A5B2B02739B3B1004149B2 /* UIFont+.swift in Sources */ = {isa = PBXBuildFile; fileRef = 92A5B2AF2739B3B1004149B2 /* UIFont+.swift */; };
		92AFB39A276339F000977712 /* MyGroupCVC.swift in Sources */ = {isa = PBXBuildFile; fileRef = 92AFB398276339F000977712 /* MyGroupCVC.swift */; };
		92AFB39B276339F000977712 /* MyGroupCVC.xib in Resources */ = {isa = PBXBuildFile; fileRef = 92AFB399276339F000977712 /* MyGroupCVC.xib */; };
		92AFB39F27633A1E00977712 /* MyGroupTVC.swift in Sources */ = {isa = PBXBuildFile; fileRef = 92AFB39E27633A1E00977712 /* MyGroupTVC.swift */; };
		92AFB3A227633A4000977712 /* LookCVC.swift in Sources */ = {isa = PBXBuildFile; fileRef = 92AFB3A027633A4000977712 /* LookCVC.swift */; };
		92AFB3A327633A4000977712 /* LookCVC.xib in Resources */ = {isa = PBXBuildFile; fileRef = 92AFB3A127633A4000977712 /* LookCVC.xib */; };
		92B1568A2761426300939048 /* MyPublicVC.swift in Sources */ = {isa = PBXBuildFile; fileRef = 92B156892761426300939048 /* MyPublicVC.swift */; };
		92B619CF273EEF4700BE31D1 /* ChatListTVC.swift in Sources */ = {isa = PBXBuildFile; fileRef = 92B619CE273EEF4700BE31D1 /* ChatListTVC.swift */; };
		92BCCCAA27650B3D00AA70D6 /* LookDetailCVC.swift in Sources */ = {isa = PBXBuildFile; fileRef = 92BCCCA927650B3D00AA70D6 /* LookDetailCVC.swift */; };
		92BCCCAC2765180800AA70D6 /* LookSortCVC.swift in Sources */ = {isa = PBXBuildFile; fileRef = 92BCCCAB2765180800AA70D6 /* LookSortCVC.swift */; };
		92C4148727629606000DB287 /* MyPublic.storyboard in Resources */ = {isa = PBXBuildFile; fileRef = 92C4148627629606000DB287 /* MyPublic.storyboard */; };
		92CBCE6F273B12EC00A3F36D /* CompleteCVC.swift in Sources */ = {isa = PBXBuildFile; fileRef = 92CBCE6D273B12EC00A3F36D /* CompleteCVC.swift */; };
		92CBCE70273B12EC00A3F36D /* CompleteCVC.xib in Resources */ = {isa = PBXBuildFile; fileRef = 92CBCE6E273B12EC00A3F36D /* CompleteCVC.xib */; };
		92CBCE73273B132600A3F36D /* ProceedCVC.swift in Sources */ = {isa = PBXBuildFile; fileRef = 92CBCE71273B132600A3F36D /* ProceedCVC.swift */; };
		92CBCE74273B132600A3F36D /* ProceedCVC.xib in Resources */ = {isa = PBXBuildFile; fileRef = 92CBCE72273B132600A3F36D /* ProceedCVC.xib */; };
		92CBCE79273B233F00A3F36D /* AlarmTVC.swift in Sources */ = {isa = PBXBuildFile; fileRef = 92CBCE77273B233F00A3F36D /* AlarmTVC.swift */; };
		92CBCE7A273B233F00A3F36D /* AlarmTVC.xib in Resources */ = {isa = PBXBuildFile; fileRef = 92CBCE78273B233F00A3F36D /* AlarmTVC.xib */; };
		92CD3371273FA2A00094CB1C /* SpoqaHanSansNeo-Regular.otf in Resources */ = {isa = PBXBuildFile; fileRef = 92A5B2AC2739B31D004149B2 /* SpoqaHanSansNeo-Regular.otf */; };
		92CD3372273FA2A00094CB1C /* SpoqaHanSansNeo-Bold.otf in Resources */ = {isa = PBXBuildFile; fileRef = 92A5B2AD2739B31D004149B2 /* SpoqaHanSansNeo-Bold.otf */; };
		92CD3373273FA2A00094CB1C /* SpoqaHanSansNeo-Light.otf in Resources */ = {isa = PBXBuildFile; fileRef = 92A5B2AB2739B31D004149B2 /* SpoqaHanSansNeo-Light.otf */; };
		92CD3374273FA2A00094CB1C /* SpoqaHanSansNeo-Thin.otf in Resources */ = {isa = PBXBuildFile; fileRef = 92A5B2AA2739B31D004149B2 /* SpoqaHanSansNeo-Thin.otf */; };
		92CD3375273FA2A00094CB1C /* SpoqaHanSansNeo-Medium.otf in Resources */ = {isa = PBXBuildFile; fileRef = 92A5B2AE2739B31D004149B2 /* SpoqaHanSansNeo-Medium.otf */; };
		92DD9FBA274BFF170045C8C7 /* SelectDateVC.swift in Sources */ = {isa = PBXBuildFile; fileRef = 92DD9FB9274BFF170045C8C7 /* SelectDateVC.swift */; };
		92DD9FBC274C11710045C8C7 /* ModalNavigationController.swift in Sources */ = {isa = PBXBuildFile; fileRef = 92DD9FBB274C11710045C8C7 /* ModalNavigationController.swift */; };
		92E497762768C42E0029682C /* ChatListDataModel.swift in Sources */ = {isa = PBXBuildFile; fileRef = 92E497752768C42E0029682C /* ChatListDataModel.swift */; };
		92F43A33274E8491006025EC /* CompleteLightningVC.swift in Sources */ = {isa = PBXBuildFile; fileRef = 92F43A32274E8491006025EC /* CompleteLightningVC.swift */; };
		92F98DFE2767BEB000CA10FE /* LookHeaderView.swift in Sources */ = {isa = PBXBuildFile; fileRef = 92F98DFD2767BEB000CA10FE /* LookHeaderView.swift */; };
		92FC3BB8276CCEBC00DDA976 /* LightningDataModel.swift in Sources */ = {isa = PBXBuildFile; fileRef = 92FC3BB7276CCEBC00DDA976 /* LightningDataModel.swift */; };
		92FDC023275153080080EF20 /* SelectTimeVC.swift in Sources */ = {isa = PBXBuildFile; fileRef = 92FDC022275153080080EF20 /* SelectTimeVC.swift */; };
		92FF59B0275AB15000916189 /* MemberTVC.swift in Sources */ = {isa = PBXBuildFile; fileRef = 92FF59AF275AB15000916189 /* MemberTVC.swift */; };
		92FFBBA7274CDE5500706099 /* Icons.xcassets in Resources */ = {isa = PBXBuildFile; fileRef = 92FFBBA6274CDE5500706099 /* Icons.xcassets */; };
		92FFBBA9274CDE7E00706099 /* Buttons.xcassets in Resources */ = {isa = PBXBuildFile; fileRef = 92FFBBA8274CDE7E00706099 /* Buttons.xcassets */; };
/* End PBXBuildFile section */

/* Begin PBXFileReference section */
		1D25F5F92752D1C600BF7C31 /* RecruitingTVC.swift */ = {isa = PBXFileReference; lastKnownFileType = sourcecode.swift; path = RecruitingTVC.swift; sourceTree = "<group>"; };
		1D25F5FA2752D1C600BF7C31 /* RecruitingTVC.xib */ = {isa = PBXFileReference; lastKnownFileType = file.xib; path = RecruitingTVC.xib; sourceTree = "<group>"; };
		1DA5D063275BD7A100F78579 /* JoinVC.swift */ = {isa = PBXFileReference; lastKnownFileType = sourcecode.swift; path = JoinVC.swift; sourceTree = "<group>"; };
		1DF615C52752CD8F00D0CF7C /* RecruitingVC.swift */ = {isa = PBXFileReference; lastKnownFileType = sourcecode.swift; path = RecruitingVC.swift; sourceTree = "<group>"; };
		1DFC0BBF274C080300C5001D /* PublicGroupCVC.swift */ = {isa = PBXFileReference; lastKnownFileType = sourcecode.swift; path = PublicGroupCVC.swift; sourceTree = "<group>"; };
		1DFC0BC0274C080300C5001D /* PublicGroupCVC.xib */ = {isa = PBXFileReference; lastKnownFileType = file.xib; path = PublicGroupCVC.xib; sourceTree = "<group>"; };
		56E4DD19CD69E27D0BA6EDBC /* Pods_ThunderRing.framework */ = {isa = PBXFileReference; explicitFileType = wrapper.framework; includeInIndex = 0; path = Pods_ThunderRing.framework; sourceTree = BUILT_PRODUCTS_DIR; };
		79421393DC8C74F93D07628F /* Pods-ThunderRing.debug.xcconfig */ = {isa = PBXFileReference; includeInIndex = 1; lastKnownFileType = text.xcconfig; name = "Pods-ThunderRing.debug.xcconfig"; path = "Target Support Files/Pods-ThunderRing/Pods-ThunderRing.debug.xcconfig"; sourceTree = "<group>"; };
		9212663E2747BB2B009DE534 /* TestDataModel.swift */ = {isa = PBXFileReference; lastKnownFileType = sourcecode.swift; path = TestDataModel.swift; sourceTree = "<group>"; };
		921266412747BC54009DE534 /* TestTVC.swift */ = {isa = PBXFileReference; lastKnownFileType = sourcecode.swift; path = TestTVC.swift; sourceTree = "<group>"; };
		921266432747C83B009DE534 /* FirstTestVC.swift */ = {isa = PBXFileReference; lastKnownFileType = sourcecode.swift; path = FirstTestVC.swift; sourceTree = "<group>"; };
		921266792748055A009DE534 /* TestResultVC.swift */ = {isa = PBXFileReference; lastKnownFileType = sourcecode.swift; path = TestResultVC.swift; sourceTree = "<group>"; };
		9212667B2748167D009DE534 /* UIColor+.swift */ = {isa = PBXFileReference; lastKnownFileType = sourcecode.swift; path = "UIColor+.swift"; sourceTree = "<group>"; };
		92159C8E275896E80081F20B /* DINPro-Bold.otf */ = {isa = PBXFileReference; lastKnownFileType = file; path = "DINPro-Bold.otf"; sourceTree = "<group>"; };
		92159C8F275896E80081F20B /* DINPro-Black.otf */ = {isa = PBXFileReference; lastKnownFileType = file; path = "DINPro-Black.otf"; sourceTree = "<group>"; };
		92159C90275896E80081F20B /* DINPro-Regular.otf */ = {isa = PBXFileReference; lastKnownFileType = file; path = "DINPro-Regular.otf"; sourceTree = "<group>"; };
		92159C91275896E80081F20B /* DINPro-Medium.otf */ = {isa = PBXFileReference; lastKnownFileType = file; path = "DINPro-Medium.otf"; sourceTree = "<group>"; };
		92159C92275896E80081F20B /* DINPro-Light.otf */ = {isa = PBXFileReference; lastKnownFileType = file; path = "DINPro-Light.otf"; sourceTree = "<group>"; };
		92159C992758C21A0081F20B /* CreatePrivateVC.swift */ = {isa = PBXFileReference; lastKnownFileType = sourcecode.swift; path = CreatePrivateVC.swift; sourceTree = "<group>"; };
		92159C9B2758C5B10081F20B /* CreatePrivateDetailVC.swift */ = {isa = PBXFileReference; lastKnownFileType = sourcecode.swift; path = CreatePrivateDetailVC.swift; sourceTree = "<group>"; };
		92159C9F2758D5620081F20B /* AddMemberVC.swift */ = {isa = PBXFileReference; lastKnownFileType = sourcecode.swift; path = AddMemberVC.swift; sourceTree = "<group>"; };
		92159CA12758D76D0081F20B /* MemberCVC.swift */ = {isa = PBXFileReference; lastKnownFileType = sourcecode.swift; path = MemberCVC.swift; sourceTree = "<group>"; };
		921A45C2275355AD001E8727 /* CreatePrivate.storyboard */ = {isa = PBXFileReference; lastKnownFileType = file.storyboard; path = CreatePrivate.storyboard; sourceTree = "<group>"; };
		92270D732750E1EB00364F3A /* AlarmDataModel.swift */ = {isa = PBXFileReference; lastKnownFileType = sourcecode.swift; path = AlarmDataModel.swift; sourceTree = "<group>"; };
		92291C512759130F0012927B /* CompleteCreatePrivateVC.swift */ = {isa = PBXFileReference; lastKnownFileType = sourcecode.swift; path = CompleteCreatePrivateVC.swift; sourceTree = "<group>"; };
		9244097727AE68EB00034510 /* CreatePublicVC.swift */ = {isa = PBXFileReference; lastKnownFileType = sourcecode.swift; path = CreatePublicVC.swift; sourceTree = "<group>"; };
		9244097927AE7F9000034510 /* CompleteCreatePublicVC.swift */ = {isa = PBXFileReference; lastKnownFileType = sourcecode.swift; path = CompleteCreatePublicVC.swift; sourceTree = "<group>"; };
		9252EB942769CA9100809FEA /* ContactDataModel.swift */ = {isa = PBXFileReference; lastKnownFileType = sourcecode.swift; path = ContactDataModel.swift; sourceTree = "<group>"; };
		9252EB96276A159F00809FEA /* UIImage+.swift */ = {isa = PBXFileReference; lastKnownFileType = sourcecode.swift; path = "UIImage+.swift"; sourceTree = "<group>"; };
		9258354D275C997900F64DC0 /* AccountInfo.storyboard */ = {isa = PBXFileReference; lastKnownFileType = file.storyboard; path = AccountInfo.storyboard; sourceTree = "<group>"; };
		9258354F275C999100F64DC0 /* AccountInfoVC.swift */ = {isa = PBXFileReference; lastKnownFileType = sourcecode.swift; path = AccountInfoVC.swift; sourceTree = "<group>"; };
		925BAC322742B77E00126166 /* Images.xcassets */ = {isa = PBXFileReference; lastKnownFileType = folder.assetcatalog; path = Images.xcassets; sourceTree = "<group>"; };
		925BAC372742C5C800126166 /* PrivateGroupDataModel.swift */ = {isa = PBXFileReference; lastKnownFileType = sourcecode.swift; path = PrivateGroupDataModel.swift; sourceTree = "<group>"; };
		925BAC392742C5D400126166 /* PublicGroupDataModel.swift */ = {isa = PBXFileReference; lastKnownFileType = sourcecode.swift; path = PublicGroupDataModel.swift; sourceTree = "<group>"; };
		925BAC452742C76F00126166 /* PrivateListTVC.swift */ = {isa = PBXFileReference; lastKnownFileType = sourcecode.swift; path = PrivateListTVC.swift; sourceTree = "<group>"; };
		925BAC472742C77C00126166 /* PublicListTVC.swift */ = {isa = PBXFileReference; lastKnownFileType = sourcecode.swift; path = PublicListTVC.swift; sourceTree = "<group>"; };
		92609ACA274BB7E800F0E401 /* SetLightningTitleVC.swift */ = {isa = PBXFileReference; lastKnownFileType = sourcecode.swift; path = SetLightningTitleVC.swift; sourceTree = "<group>"; };
		92609ACC274BD9A700F0E401 /* SetLigntningDetailVC.swift */ = {isa = PBXFileReference; lastKnownFileType = sourcecode.swift; path = SetLigntningDetailVC.swift; sourceTree = "<group>"; };
		926290E027A40543006A3B58 /* PublicDetailVC.swift */ = {isa = PBXFileReference; lastKnownFileType = sourcecode.swift; path = PublicDetailVC.swift; sourceTree = "<group>"; };
		926290E327A4055E006A3B58 /* CreatePublicDetailVC.swift */ = {isa = PBXFileReference; lastKnownFileType = sourcecode.swift; path = CreatePublicDetailVC.swift; sourceTree = "<group>"; };
		92687A5627501E5C000D9A5D /* CALayer+.swift */ = {isa = PBXFileReference; lastKnownFileType = sourcecode.swift; path = "CALayer+.swift"; sourceTree = "<group>"; };
		926C7C162737F93E0020F851 /* ThunderRing.app */ = {isa = PBXFileReference; explicitFileType = wrapper.application; includeInIndex = 0; path = ThunderRing.app; sourceTree = BUILT_PRODUCTS_DIR; };
		926C7C192737F93E0020F851 /* AppDelegate.swift */ = {isa = PBXFileReference; lastKnownFileType = sourcecode.swift; path = AppDelegate.swift; sourceTree = "<group>"; };
		926C7C1B2737F93E0020F851 /* SceneDelegate.swift */ = {isa = PBXFileReference; lastKnownFileType = sourcecode.swift; path = SceneDelegate.swift; sourceTree = "<group>"; };
		926C7C1D2737F93E0020F851 /* MainVC.swift */ = {isa = PBXFileReference; lastKnownFileType = sourcecode.swift; path = MainVC.swift; sourceTree = "<group>"; };
		926C7C202737F93E0020F851 /* Base */ = {isa = PBXFileReference; lastKnownFileType = file.storyboard; name = Base; path = Base.lproj/Main.storyboard; sourceTree = "<group>"; };
		926C7C222737F93F0020F851 /* Assets.xcassets */ = {isa = PBXFileReference; lastKnownFileType = folder.assetcatalog; path = Assets.xcassets; sourceTree = "<group>"; };
		926C7C252737F93F0020F851 /* Base */ = {isa = PBXFileReference; lastKnownFileType = file.storyboard; name = Base; path = Base.lproj/LaunchScreen.storyboard; sourceTree = "<group>"; };
		926C7C272737F93F0020F851 /* Info.plist */ = {isa = PBXFileReference; lastKnownFileType = text.plist.xml; path = Info.plist; sourceTree = "<group>"; };
		926C7C362737FB4C0020F851 /* UIView+.swift */ = {isa = PBXFileReference; lastKnownFileType = sourcecode.swift; path = "UIView+.swift"; sourceTree = "<group>"; };
		926C7C412737FE7B0020F851 /* UITextField+.swift */ = {isa = PBXFileReference; lastKnownFileType = sourcecode.swift; path = "UITextField+.swift"; sourceTree = "<group>"; };
		926C7C432738022F0020F851 /* ChatListVC.swift */ = {isa = PBXFileReference; lastKnownFileType = sourcecode.swift; path = ChatListVC.swift; sourceTree = "<group>"; };
		926C7C46273802460020F851 /* Chat.storyboard */ = {isa = PBXFileReference; lastKnownFileType = file.storyboard; path = Chat.storyboard; sourceTree = "<group>"; };
		926C7C48273802890020F851 /* ChatVC.swift */ = {isa = PBXFileReference; lastKnownFileType = sourcecode.swift; path = ChatVC.swift; sourceTree = "<group>"; };
		926C7C4D273802F80020F851 /* LightningVC.swift */ = {isa = PBXFileReference; lastKnownFileType = sourcecode.swift; path = LightningVC.swift; sourceTree = "<group>"; };
		926C7C4F273803020020F851 /* AlarmVC.swift */ = {isa = PBXFileReference; lastKnownFileType = sourcecode.swift; path = AlarmVC.swift; sourceTree = "<group>"; };
		926C7C512738030F0020F851 /* MyPageVC.swift */ = {isa = PBXFileReference; lastKnownFileType = sourcecode.swift; path = MyPageVC.swift; sourceTree = "<group>"; };
		926C7C56273803980020F851 /* Lightning.storyboard */ = {isa = PBXFileReference; lastKnownFileType = file.storyboard; path = Lightning.storyboard; sourceTree = "<group>"; };
		926C7C58273803A10020F851 /* Alarm.storyboard */ = {isa = PBXFileReference; lastKnownFileType = file.storyboard; path = Alarm.storyboard; sourceTree = "<group>"; };
		926C7C5A273803AA0020F851 /* MyPage.storyboard */ = {isa = PBXFileReference; lastKnownFileType = file.storyboard; path = MyPage.storyboard; sourceTree = "<group>"; };
		926C7C5C2738043D0020F851 /* TabBarController.swift */ = {isa = PBXFileReference; lastKnownFileType = sourcecode.swift; path = TabBarController.swift; sourceTree = "<group>"; };
		926C7C61273805B70020F851 /* NavigationController.swift */ = {isa = PBXFileReference; lastKnownFileType = sourcecode.swift; path = NavigationController.swift; sourceTree = "<group>"; };
		9276B05F275B443F00915F57 /* MyChatCVC.swift */ = {isa = PBXFileReference; lastKnownFileType = sourcecode.swift; path = MyChatCVC.swift; sourceTree = "<group>"; };
		9276B064275B44F700915F57 /* BaseCell.swift */ = {isa = PBXFileReference; lastKnownFileType = sourcecode.swift; path = BaseCell.swift; sourceTree = "<group>"; };
		9276B066275B453E00915F57 /* BasePaddingLabel.swift */ = {isa = PBXFileReference; lastKnownFileType = sourcecode.swift; path = BasePaddingLabel.swift; sourceTree = "<group>"; };
		9276B068275B457700915F57 /* UILabel+.swift */ = {isa = PBXFileReference; lastKnownFileType = sourcecode.swift; path = "UILabel+.swift"; sourceTree = "<group>"; };
		9276B06A275B458B00915F57 /* String+.swift */ = {isa = PBXFileReference; lastKnownFileType = sourcecode.swift; path = "String+.swift"; sourceTree = "<group>"; };
		9276B06D275B462900915F57 /* ChatDataModel.swift */ = {isa = PBXFileReference; lastKnownFileType = sourcecode.swift; path = ChatDataModel.swift; sourceTree = "<group>"; };
		9276B06F275B477A00915F57 /* CounterpartChatCVC.swift */ = {isa = PBXFileReference; lastKnownFileType = sourcecode.swift; path = CounterpartChatCVC.swift; sourceTree = "<group>"; };
		92800AD2274CB3E200CA3E7E /* Colors.xcassets */ = {isa = PBXFileReference; lastKnownFileType = folder.assetcatalog; path = Colors.xcassets; sourceTree = "<group>"; };
		928AE07A276B0D4C001155EE /* MainPrivateCVC.swift */ = {isa = PBXFileReference; lastKnownFileType = sourcecode.swift; path = MainPrivateCVC.swift; sourceTree = "<group>"; };
		928FDA032760D130009AC059 /* MyPrivate.storyboard */ = {isa = PBXFileReference; lastKnownFileType = file.storyboard; path = MyPrivate.storyboard; sourceTree = "<group>"; };
		928FDA052760D156009AC059 /* PrivateDetail.storyboard */ = {isa = PBXFileReference; lastKnownFileType = file.storyboard; path = PrivateDetail.storyboard; sourceTree = "<group>"; };
		928FDA0A2760D1B5009AC059 /* MyPrivateVC.swift */ = {isa = PBXFileReference; lastKnownFileType = sourcecode.swift; path = MyPrivateVC.swift; sourceTree = "<group>"; };
		928FDA0C2760D1C4009AC059 /* PrivateDetailVC.swift */ = {isa = PBXFileReference; lastKnownFileType = sourcecode.swift; path = PrivateDetailVC.swift; sourceTree = "<group>"; };
		928FDA0E2760DBAB009AC059 /* MyPrivateTVC.swift */ = {isa = PBXFileReference; lastKnownFileType = sourcecode.swift; path = MyPrivateTVC.swift; sourceTree = "<group>"; };
		92A57B92275CEF3200B47FC1 /* PrivateGroupCVC.swift */ = {isa = PBXFileReference; lastKnownFileType = sourcecode.swift; path = PrivateGroupCVC.swift; sourceTree = "<group>"; };
		92A57B93275CEF3200B47FC1 /* PrivateGroupCVC.xib */ = {isa = PBXFileReference; lastKnownFileType = file.xib; path = PrivateGroupCVC.xib; sourceTree = "<group>"; };
		92A57B96275CF03200B47FC1 /* PrivateGroupTVC.swift */ = {isa = PBXFileReference; lastKnownFileType = sourcecode.swift; path = PrivateGroupTVC.swift; sourceTree = "<group>"; };
		92A57B97275CF03200B47FC1 /* PrivateGroupTVC.xib */ = {isa = PBXFileReference; lastKnownFileType = file.xib; path = PrivateGroupTVC.xib; sourceTree = "<group>"; };
		92A5B29027398366004149B2 /* Storyboard.swift */ = {isa = PBXFileReference; lastKnownFileType = sourcecode.swift; path = Storyboard.swift; sourceTree = "<group>"; };
		92A5B29227398378004149B2 /* Const.swift */ = {isa = PBXFileReference; lastKnownFileType = sourcecode.swift; path = Const.swift; sourceTree = "<group>"; };
		92A5B294273983F0004149B2 /* ViewController.swift */ = {isa = PBXFileReference; lastKnownFileType = sourcecode.swift; path = ViewController.swift; sourceTree = "<group>"; };
		92A5B29627398835004149B2 /* UITabBar+.swift */ = {isa = PBXFileReference; lastKnownFileType = sourcecode.swift; path = "UITabBar+.swift"; sourceTree = "<group>"; };
		92A5B29927398D47004149B2 /* CustomNavigationBar.swift */ = {isa = PBXFileReference; lastKnownFileType = sourcecode.swift; path = CustomNavigationBar.swift; sourceTree = "<group>"; };
		92A5B29B27399997004149B2 /* UIViewController+.swift */ = {isa = PBXFileReference; lastKnownFileType = sourcecode.swift; path = "UIViewController+.swift"; sourceTree = "<group>"; };
		92A5B29E2739AA2F004149B2 /* MyPageAlarmTVC.swift */ = {isa = PBXFileReference; lastKnownFileType = sourcecode.swift; path = MyPageAlarmTVC.swift; sourceTree = "<group>"; };
		92A5B2A02739AA49004149B2 /* AccountTVC.swift */ = {isa = PBXFileReference; lastKnownFileType = sourcecode.swift; path = AccountTVC.swift; sourceTree = "<group>"; };
		92A5B2A22739AA83004149B2 /* QuestionTVC.swift */ = {isa = PBXFileReference; lastKnownFileType = sourcecode.swift; path = QuestionTVC.swift; sourceTree = "<group>"; };
		92A5B2A42739AA95004149B2 /* InfoTVC.swift */ = {isa = PBXFileReference; lastKnownFileType = sourcecode.swift; path = InfoTVC.swift; sourceTree = "<group>"; };
		92A5B2A62739AAA0004149B2 /* LogOutTVC.swift */ = {isa = PBXFileReference; lastKnownFileType = sourcecode.swift; path = LogOutTVC.swift; sourceTree = "<group>"; };
		92A5B2AA2739B31D004149B2 /* SpoqaHanSansNeo-Thin.otf */ = {isa = PBXFileReference; lastKnownFileType = file; path = "SpoqaHanSansNeo-Thin.otf"; sourceTree = "<group>"; };
		92A5B2AB2739B31D004149B2 /* SpoqaHanSansNeo-Light.otf */ = {isa = PBXFileReference; lastKnownFileType = file; path = "SpoqaHanSansNeo-Light.otf"; sourceTree = "<group>"; };
		92A5B2AC2739B31D004149B2 /* SpoqaHanSansNeo-Regular.otf */ = {isa = PBXFileReference; lastKnownFileType = file; path = "SpoqaHanSansNeo-Regular.otf"; sourceTree = "<group>"; };
		92A5B2AD2739B31D004149B2 /* SpoqaHanSansNeo-Bold.otf */ = {isa = PBXFileReference; lastKnownFileType = file; path = "SpoqaHanSansNeo-Bold.otf"; sourceTree = "<group>"; };
		92A5B2AE2739B31D004149B2 /* SpoqaHanSansNeo-Medium.otf */ = {isa = PBXFileReference; lastKnownFileType = file; path = "SpoqaHanSansNeo-Medium.otf"; sourceTree = "<group>"; };
		92A5B2AF2739B3B1004149B2 /* UIFont+.swift */ = {isa = PBXFileReference; lastKnownFileType = sourcecode.swift; path = "UIFont+.swift"; sourceTree = "<group>"; };
		92AFB398276339F000977712 /* MyGroupCVC.swift */ = {isa = PBXFileReference; lastKnownFileType = sourcecode.swift; path = MyGroupCVC.swift; sourceTree = "<group>"; };
		92AFB399276339F000977712 /* MyGroupCVC.xib */ = {isa = PBXFileReference; lastKnownFileType = file.xib; path = MyGroupCVC.xib; sourceTree = "<group>"; };
		92AFB39E27633A1E00977712 /* MyGroupTVC.swift */ = {isa = PBXFileReference; lastKnownFileType = sourcecode.swift; path = MyGroupTVC.swift; sourceTree = "<group>"; };
		92AFB3A027633A4000977712 /* LookCVC.swift */ = {isa = PBXFileReference; lastKnownFileType = sourcecode.swift; path = LookCVC.swift; sourceTree = "<group>"; };
		92AFB3A127633A4000977712 /* LookCVC.xib */ = {isa = PBXFileReference; lastKnownFileType = file.xib; path = LookCVC.xib; sourceTree = "<group>"; };
		92B156892761426300939048 /* MyPublicVC.swift */ = {isa = PBXFileReference; lastKnownFileType = sourcecode.swift; path = MyPublicVC.swift; sourceTree = "<group>"; };
		92B619CE273EEF4700BE31D1 /* ChatListTVC.swift */ = {isa = PBXFileReference; lastKnownFileType = sourcecode.swift; path = ChatListTVC.swift; sourceTree = "<group>"; };
		92BCCCA927650B3D00AA70D6 /* LookDetailCVC.swift */ = {isa = PBXFileReference; lastKnownFileType = sourcecode.swift; path = LookDetailCVC.swift; sourceTree = "<group>"; };
		92BCCCAB2765180800AA70D6 /* LookSortCVC.swift */ = {isa = PBXFileReference; lastKnownFileType = sourcecode.swift; path = LookSortCVC.swift; sourceTree = "<group>"; };
		92C4148627629606000DB287 /* MyPublic.storyboard */ = {isa = PBXFileReference; lastKnownFileType = file.storyboard; path = MyPublic.storyboard; sourceTree = "<group>"; };
		92CBCE6D273B12EC00A3F36D /* CompleteCVC.swift */ = {isa = PBXFileReference; lastKnownFileType = sourcecode.swift; path = CompleteCVC.swift; sourceTree = "<group>"; };
		92CBCE6E273B12EC00A3F36D /* CompleteCVC.xib */ = {isa = PBXFileReference; lastKnownFileType = file.xib; path = CompleteCVC.xib; sourceTree = "<group>"; };
		92CBCE71273B132600A3F36D /* ProceedCVC.swift */ = {isa = PBXFileReference; lastKnownFileType = sourcecode.swift; path = ProceedCVC.swift; sourceTree = "<group>"; };
		92CBCE72273B132600A3F36D /* ProceedCVC.xib */ = {isa = PBXFileReference; lastKnownFileType = file.xib; path = ProceedCVC.xib; sourceTree = "<group>"; };
		92CBCE77273B233F00A3F36D /* AlarmTVC.swift */ = {isa = PBXFileReference; lastKnownFileType = sourcecode.swift; path = AlarmTVC.swift; sourceTree = "<group>"; };
		92CBCE78273B233F00A3F36D /* AlarmTVC.xib */ = {isa = PBXFileReference; lastKnownFileType = file.xib; path = AlarmTVC.xib; sourceTree = "<group>"; };
		92DD9FB9274BFF170045C8C7 /* SelectDateVC.swift */ = {isa = PBXFileReference; lastKnownFileType = sourcecode.swift; path = SelectDateVC.swift; sourceTree = "<group>"; };
		92DD9FBB274C11710045C8C7 /* ModalNavigationController.swift */ = {isa = PBXFileReference; lastKnownFileType = sourcecode.swift; path = ModalNavigationController.swift; sourceTree = "<group>"; };
		92E497752768C42E0029682C /* ChatListDataModel.swift */ = {isa = PBXFileReference; lastKnownFileType = sourcecode.swift; path = ChatListDataModel.swift; sourceTree = "<group>"; };
		92F43A32274E8491006025EC /* CompleteLightningVC.swift */ = {isa = PBXFileReference; lastKnownFileType = sourcecode.swift; path = CompleteLightningVC.swift; sourceTree = "<group>"; };
		92F98DFD2767BEB000CA10FE /* LookHeaderView.swift */ = {isa = PBXFileReference; lastKnownFileType = sourcecode.swift; path = LookHeaderView.swift; sourceTree = "<group>"; };
		92FC3BB7276CCEBC00DDA976 /* LightningDataModel.swift */ = {isa = PBXFileReference; lastKnownFileType = sourcecode.swift; path = LightningDataModel.swift; sourceTree = "<group>"; };
		92FDC022275153080080EF20 /* SelectTimeVC.swift */ = {isa = PBXFileReference; lastKnownFileType = sourcecode.swift; path = SelectTimeVC.swift; sourceTree = "<group>"; };
		92FF59AF275AB15000916189 /* MemberTVC.swift */ = {isa = PBXFileReference; lastKnownFileType = sourcecode.swift; path = MemberTVC.swift; sourceTree = "<group>"; };
		92FFBBA6274CDE5500706099 /* Icons.xcassets */ = {isa = PBXFileReference; lastKnownFileType = folder.assetcatalog; path = Icons.xcassets; sourceTree = "<group>"; };
		92FFBBA8274CDE7E00706099 /* Buttons.xcassets */ = {isa = PBXFileReference; lastKnownFileType = folder.assetcatalog; path = Buttons.xcassets; sourceTree = "<group>"; };
		D45A7455144AD6FAA3ED7282 /* Pods-ThunderRing.release.xcconfig */ = {isa = PBXFileReference; includeInIndex = 1; lastKnownFileType = text.xcconfig; name = "Pods-ThunderRing.release.xcconfig"; path = "Target Support Files/Pods-ThunderRing/Pods-ThunderRing.release.xcconfig"; sourceTree = "<group>"; };
/* End PBXFileReference section */

/* Begin PBXFrameworksBuildPhase section */
		926C7C132737F93E0020F851 /* Frameworks */ = {
			isa = PBXFrameworksBuildPhase;
			buildActionMask = 2147483647;
			files = (
				76F17246B58289076DF19965 /* Pods_ThunderRing.framework in Frameworks */,
			);
			runOnlyForDeploymentPostprocessing = 0;
		};
/* End PBXFrameworksBuildPhase section */

/* Begin PBXGroup section */
		1DEAB5FA27405A5100074B72 /* Cells */ = {
			isa = PBXGroup;
			children = (
				1DFC0BBC274C05D200C5001D /* TVC */,
				1DFC0BBB274C05C700C5001D /* CVC */,
			);
			path = Cells;
			sourceTree = "<group>";
		};
		1DFC0BBB274C05C700C5001D /* CVC */ = {
			isa = PBXGroup;
			children = (
				92A57B92275CEF3200B47FC1 /* PrivateGroupCVC.swift */,
				92A57B93275CEF3200B47FC1 /* PrivateGroupCVC.xib */,
				1DFC0BBF274C080300C5001D /* PublicGroupCVC.swift */,
				1DFC0BC0274C080300C5001D /* PublicGroupCVC.xib */,
				928AE07A276B0D4C001155EE /* MainPrivateCVC.swift */,
			);
			path = CVC;
			sourceTree = "<group>";
		};
		1DFC0BBC274C05D200C5001D /* TVC */ = {
			isa = PBXGroup;
			children = (
				92A57B96275CF03200B47FC1 /* PrivateGroupTVC.swift */,
				92A57B97275CF03200B47FC1 /* PrivateGroupTVC.xib */,
				1D25F5F92752D1C600BF7C31 /* RecruitingTVC.swift */,
				1D25F5FA2752D1C600BF7C31 /* RecruitingTVC.xib */,
			);
			path = TVC;
			sourceTree = "<group>";
		};
		921266392747AB72009DE534 /* Test */ = {
			isa = PBXGroup;
			children = (
				921266402747BC3C009DE534 /* Cells */,
				9212663D2747BB1F009DE534 /* Models */,
				9212663C2747BB1B009DE534 /* VCs */,
			);
			path = Test;
			sourceTree = "<group>";
		};
		9212663C2747BB1B009DE534 /* VCs */ = {
			isa = PBXGroup;
			children = (
				921266432747C83B009DE534 /* FirstTestVC.swift */,
				921266792748055A009DE534 /* TestResultVC.swift */,
			);
			path = VCs;
			sourceTree = "<group>";
		};
		9212663D2747BB1F009DE534 /* Models */ = {
			isa = PBXGroup;
			children = (
				9212663E2747BB2B009DE534 /* TestDataModel.swift */,
			);
			path = Models;
			sourceTree = "<group>";
		};
		921266402747BC3C009DE534 /* Cells */ = {
			isa = PBXGroup;
			children = (
				921266482747C959009DE534 /* TVC */,
			);
			path = Cells;
			sourceTree = "<group>";
		};
		921266482747C959009DE534 /* TVC */ = {
			isa = PBXGroup;
			children = (
				921266412747BC54009DE534 /* TestTVC.swift */,
			);
			path = TVC;
			sourceTree = "<group>";
		};
		92159C8D275896D40081F20B /* Dinpro */ = {
			isa = PBXGroup;
			children = (
				92159C8F275896E80081F20B /* DINPro-Black.otf */,
				92159C8E275896E80081F20B /* DINPro-Bold.otf */,
				92159C92275896E80081F20B /* DINPro-Light.otf */,
				92159C91275896E80081F20B /* DINPro-Medium.otf */,
				92159C90275896E80081F20B /* DINPro-Regular.otf */,
			);
			path = Dinpro;
			sourceTree = "<group>";
		};
		92159C982758C2010081F20B /* PrivateGroup */ = {
			isa = PBXGroup;
			children = (
				9252EB932769CA7E00809FEA /* Models */,
				92159C9E2758D5320081F20B /* Cells */,
				92159C9D2758D52E0081F20B /* VCs */,
			);
			path = PrivateGroup;
			sourceTree = "<group>";
		};
		92159C9D2758D52E0081F20B /* VCs */ = {
			isa = PBXGroup;
			children = (
				928FDA072760D184009AC059 /* CreatePrivate */,
				928FDA092760D199009AC059 /* PrivateDetail */,
				928FDA082760D191009AC059 /* MyPrivate */,
			);
			path = VCs;
			sourceTree = "<group>";
		};
		92159C9E2758D5320081F20B /* Cells */ = {
			isa = PBXGroup;
			children = (
				92FF59B2275AB16000916189 /* CVC */,
				92FF59B1275AB15B00916189 /* TVC */,
			);
			path = Cells;
			sourceTree = "<group>";
		};
		921A45C12753557C001E8727 /* PrivateGroup */ = {
			isa = PBXGroup;
			children = (
				921A45C2275355AD001E8727 /* CreatePrivate.storyboard */,
				928FDA052760D156009AC059 /* PrivateDetail.storyboard */,
				928FDA032760D130009AC059 /* MyPrivate.storyboard */,
			);
			path = PrivateGroup;
			sourceTree = "<group>";
		};
		92270D722750E17B00364F3A /* Models */ = {
			isa = PBXGroup;
			children = (
				92270D732750E1EB00364F3A /* AlarmDataModel.swift */,
			);
			path = Models;
			sourceTree = "<group>";
		};
		9252EB932769CA7E00809FEA /* Models */ = {
			isa = PBXGroup;
			children = (
				9252EB942769CA9100809FEA /* ContactDataModel.swift */,
			);
			path = Models;
			sourceTree = "<group>";
		};
		925BAC312742B75B00126166 /* Assets */ = {
			isa = PBXGroup;
			children = (
				926C7C222737F93F0020F851 /* Assets.xcassets */,
				92800AD2274CB3E200CA3E7E /* Colors.xcassets */,
				925BAC322742B77E00126166 /* Images.xcassets */,
				92FFBBA6274CDE5500706099 /* Icons.xcassets */,
				92FFBBA8274CDE7E00706099 /* Buttons.xcassets */,
			);
			path = Assets;
			sourceTree = "<group>";
		};
		925BAC342742C58B00126166 /* Models */ = {
			isa = PBXGroup;
			children = (
				925BAC372742C5C800126166 /* PrivateGroupDataModel.swift */,
				925BAC392742C5D400126166 /* PublicGroupDataModel.swift */,
				92FC3BB7276CCEBC00DDA976 /* LightningDataModel.swift */,
			);
			path = Models;
			sourceTree = "<group>";
		};
		925BAC352742C59200126166 /* VCs */ = {
			isa = PBXGroup;
			children = (
				926C7C4D273802F80020F851 /* LightningVC.swift */,
				92609ACA274BB7E800F0E401 /* SetLightningTitleVC.swift */,
				92609ACC274BD9A700F0E401 /* SetLigntningDetailVC.swift */,
				92F43A32274E8491006025EC /* CompleteLightningVC.swift */,
				92FDC0242751530F0080EF20 /* PickerVC */,
			);
			path = VCs;
			sourceTree = "<group>";
		};
		925BAC3B2742C6D000126166 /* Cells */ = {
			isa = PBXGroup;
			children = (
				925BAC452742C76F00126166 /* PrivateListTVC.swift */,
				925BAC472742C77C00126166 /* PublicListTVC.swift */,
			);
			path = Cells;
			sourceTree = "<group>";
		};
		926290DE27A4050D006A3B58 /* MyPublic */ = {
			isa = PBXGroup;
			children = (
				92B156892761426300939048 /* MyPublicVC.swift */,
			);
			path = MyPublic;
			sourceTree = "<group>";
		};
		926290DF27A40517006A3B58 /* PublicDetail */ = {
			isa = PBXGroup;
			children = (
				926290E027A40543006A3B58 /* PublicDetailVC.swift */,
			);
			path = PublicDetail;
			sourceTree = "<group>";
		};
		926290E227A40546006A3B58 /* CreatePublic */ = {
			isa = PBXGroup;
			children = (
				926290E327A4055E006A3B58 /* CreatePublicDetailVC.swift */,
				9244097727AE68EB00034510 /* CreatePublicVC.swift */,
				9244097927AE7F9000034510 /* CompleteCreatePublicVC.swift */,
			);
			path = CreatePublic;
			sourceTree = "<group>";
		};
		926C7C0D2737F93E0020F851 = {
			isa = PBXGroup;
			children = (
				926C7C182737F93E0020F851 /* ThunderRing */,
				926C7C172737F93E0020F851 /* Products */,
				EA2A0429E10DDC76BF0BA7F7 /* Pods */,
				D5A64CF4076263F20E962AC4 /* Frameworks */,
			);
			sourceTree = "<group>";
		};
		926C7C172737F93E0020F851 /* Products */ = {
			isa = PBXGroup;
			children = (
				926C7C162737F93E0020F851 /* ThunderRing.app */,
			);
			name = Products;
			sourceTree = "<group>";
		};
		926C7C182737F93E0020F851 /* ThunderRing */ = {
			isa = PBXGroup;
			children = (
				926C7C272737F93F0020F851 /* Info.plist */,
				926C7C2F2737F9D30020F851 /* Global */,
				926C7C2D2737F9C80020F851 /* Resources */,
				926C7C2E2737F9CE0020F851 /* Sources */,
			);
			path = ThunderRing;
			sourceTree = "<group>";
		};
		926C7C2D2737F9C80020F851 /* Resources */ = {
			isa = PBXGroup;
			children = (
				925BAC312742B75B00126166 /* Assets */,
				92A5B2A82739B24F004149B2 /* Fonts */,
				926C7C312737F9F40020F851 /* Storyboards */,
			);
			path = Resources;
			sourceTree = "<group>";
		};
		926C7C2E2737F9CE0020F851 /* Sources */ = {
			isa = PBXGroup;
			children = (
				9276B061275B44C100915F57 /* Base */,
				92B156872761423000939048 /* PublicGroup */,
				92159C982758C2010081F20B /* PrivateGroup */,
				921266392747AB72009DE534 /* Test */,
				926C7C4C273802E80020F851 /* MyPage */,
				926C7C4B273802E10020F851 /* Alarm */,
				926C7C4A273802D30020F851 /* Lightning */,
				926C7C342737FA170020F851 /* Chat */,
				926C7C332737FA120020F851 /* Main */,
			);
			path = Sources;
			sourceTree = "<group>";
		};
		926C7C2F2737F9D30020F851 /* Global */ = {
			isa = PBXGroup;
			children = (
				92A5B29827398D1D004149B2 /* Classes */,
				92A5B28F2739834F004149B2 /* Constants */,
				926C7C352737FB3A0020F851 /* Extensions */,
				926C7C302737F9E60020F851 /* Supports */,
			);
			path = Global;
			sourceTree = "<group>";
		};
		926C7C302737F9E60020F851 /* Supports */ = {
			isa = PBXGroup;
			children = (
				926C7C192737F93E0020F851 /* AppDelegate.swift */,
				926C7C1B2737F93E0020F851 /* SceneDelegate.swift */,
			);
			path = Supports;
			sourceTree = "<group>";
		};
		926C7C312737F9F40020F851 /* Storyboards */ = {
			isa = PBXGroup;
			children = (
				92C41485276295E8000DB287 /* PublicGroup */,
				921A45C12753557C001E8727 /* PrivateGroup */,
				926C7C552738038E0020F851 /* MyPage */,
				926C7C54273803890020F851 /* Alarm */,
				926C7C53273803850020F851 /* Lightning */,
				926C7C452738023A0020F851 /* Chat */,
				926C7C322737FA020020F851 /* Main */,
				926C7C242737F93F0020F851 /* LaunchScreen.storyboard */,
			);
			path = Storyboards;
			sourceTree = "<group>";
		};
		926C7C322737FA020020F851 /* Main */ = {
			isa = PBXGroup;
			children = (
				926C7C1F2737F93E0020F851 /* Main.storyboard */,
			);
			path = Main;
			sourceTree = "<group>";
		};
		926C7C332737FA120020F851 /* Main */ = {
			isa = PBXGroup;
			children = (
				1DEAB5FA27405A5100074B72 /* Cells */,
				926C7C60273804D40020F851 /* VCs */,
			);
			path = Main;
			sourceTree = "<group>";
		};
		926C7C342737FA170020F851 /* Chat */ = {
			isa = PBXGroup;
			children = (
				9276B06C275B460500915F57 /* Model */,
				92B619CD273EEF3700BE31D1 /* Cells */,
				92B619CC273EEF2E00BE31D1 /* VCs */,
			);
			path = Chat;
			sourceTree = "<group>";
		};
		926C7C352737FB3A0020F851 /* Extensions */ = {
			isa = PBXGroup;
			children = (
				926C7C362737FB4C0020F851 /* UIView+.swift */,
				926C7C412737FE7B0020F851 /* UITextField+.swift */,
				92A5B29627398835004149B2 /* UITabBar+.swift */,
				92A5B29B27399997004149B2 /* UIViewController+.swift */,
				92A5B2AF2739B3B1004149B2 /* UIFont+.swift */,
				9212667B2748167D009DE534 /* UIColor+.swift */,
				92687A5627501E5C000D9A5D /* CALayer+.swift */,
				9276B068275B457700915F57 /* UILabel+.swift */,
				9276B06A275B458B00915F57 /* String+.swift */,
				9252EB96276A159F00809FEA /* UIImage+.swift */,
			);
			path = Extensions;
			sourceTree = "<group>";
		};
		926C7C452738023A0020F851 /* Chat */ = {
			isa = PBXGroup;
			children = (
				926C7C46273802460020F851 /* Chat.storyboard */,
			);
			path = Chat;
			sourceTree = "<group>";
		};
		926C7C4A273802D30020F851 /* Lightning */ = {
			isa = PBXGroup;
			children = (
				925BAC3B2742C6D000126166 /* Cells */,
				925BAC352742C59200126166 /* VCs */,
				925BAC342742C58B00126166 /* Models */,
			);
			path = Lightning;
			sourceTree = "<group>";
		};
		926C7C4B273802E10020F851 /* Alarm */ = {
			isa = PBXGroup;
			children = (
				92270D722750E17B00364F3A /* Models */,
				92CBCE60273B11C500A3F36D /* Cells */,
				92CBCE5F273B11BF00A3F36D /* VCs */,
			);
			path = Alarm;
			sourceTree = "<group>";
		};
		926C7C4C273802E80020F851 /* MyPage */ = {
			isa = PBXGroup;
			children = (
				92A5B29D2739AA01004149B2 /* Cells */,
				926C7C5E273804A20020F851 /* VCs */,
			);
			path = MyPage;
			sourceTree = "<group>";
		};
		926C7C53273803850020F851 /* Lightning */ = {
			isa = PBXGroup;
			children = (
				926C7C56273803980020F851 /* Lightning.storyboard */,
			);
			path = Lightning;
			sourceTree = "<group>";
		};
		926C7C54273803890020F851 /* Alarm */ = {
			isa = PBXGroup;
			children = (
				926C7C58273803A10020F851 /* Alarm.storyboard */,
			);
			path = Alarm;
			sourceTree = "<group>";
		};
		926C7C552738038E0020F851 /* MyPage */ = {
			isa = PBXGroup;
			children = (
				926C7C5A273803AA0020F851 /* MyPage.storyboard */,
				9258354D275C997900F64DC0 /* AccountInfo.storyboard */,
			);
			path = MyPage;
			sourceTree = "<group>";
		};
		926C7C5E273804A20020F851 /* VCs */ = {
			isa = PBXGroup;
			children = (
				926C7C512738030F0020F851 /* MyPageVC.swift */,
				9258354F275C999100F64DC0 /* AccountInfoVC.swift */,
			);
			path = VCs;
			sourceTree = "<group>";
		};
		926C7C60273804D40020F851 /* VCs */ = {
			isa = PBXGroup;
			children = (
				926C7C1D2737F93E0020F851 /* MainVC.swift */,
				1DF615C52752CD8F00D0CF7C /* RecruitingVC.swift */,
				1DA5D063275BD7A100F78579 /* JoinVC.swift */,
			);
			path = VCs;
			sourceTree = "<group>";
		};
		9276B05D275B442200915F57 /* TVC */ = {
			isa = PBXGroup;
			children = (
				92B619CE273EEF4700BE31D1 /* ChatListTVC.swift */,
			);
			path = TVC;
			sourceTree = "<group>";
		};
		9276B05E275B442600915F57 /* CVC */ = {
			isa = PBXGroup;
			children = (
				9276B05F275B443F00915F57 /* MyChatCVC.swift */,
				9276B06F275B477A00915F57 /* CounterpartChatCVC.swift */,
			);
			name = CVC;
			sourceTree = "<group>";
		};
		9276B061275B44C100915F57 /* Base */ = {
			isa = PBXGroup;
			children = (
				9276B063275B44D000915F57 /* Views */,
				9276B062275B44C500915F57 /* Controllers */,
			);
			path = Base;
			sourceTree = "<group>";
		};
		9276B062275B44C500915F57 /* Controllers */ = {
			isa = PBXGroup;
			children = (
				926C7C5C2738043D0020F851 /* TabBarController.swift */,
				926C7C61273805B70020F851 /* NavigationController.swift */,
				92DD9FBB274C11710045C8C7 /* ModalNavigationController.swift */,
			);
			path = Controllers;
			sourceTree = "<group>";
		};
		9276B063275B44D000915F57 /* Views */ = {
			isa = PBXGroup;
			children = (
				9276B064275B44F700915F57 /* BaseCell.swift */,
				9276B066275B453E00915F57 /* BasePaddingLabel.swift */,
			);
			path = Views;
			sourceTree = "<group>";
		};
		9276B06C275B460500915F57 /* Model */ = {
			isa = PBXGroup;
			children = (
				9276B06D275B462900915F57 /* ChatDataModel.swift */,
				92E497752768C42E0029682C /* ChatListDataModel.swift */,
			);
			path = Model;
			sourceTree = "<group>";
		};
		928FDA072760D184009AC059 /* CreatePrivate */ = {
			isa = PBXGroup;
			children = (
				92159C992758C21A0081F20B /* CreatePrivateVC.swift */,
				92159C9B2758C5B10081F20B /* CreatePrivateDetailVC.swift */,
				92159C9F2758D5620081F20B /* AddMemberVC.swift */,
				92291C512759130F0012927B /* CompleteCreatePrivateVC.swift */,
			);
			path = CreatePrivate;
			sourceTree = "<group>";
		};
		928FDA082760D191009AC059 /* MyPrivate */ = {
			isa = PBXGroup;
			children = (
				928FDA0A2760D1B5009AC059 /* MyPrivateVC.swift */,
			);
			path = MyPrivate;
			sourceTree = "<group>";
		};
		928FDA092760D199009AC059 /* PrivateDetail */ = {
			isa = PBXGroup;
			children = (
				928FDA0C2760D1C4009AC059 /* PrivateDetailVC.swift */,
			);
			path = PrivateDetail;
			sourceTree = "<group>";
		};
		92A5B28F2739834F004149B2 /* Constants */ = {
			isa = PBXGroup;
			children = (
				92A5B29227398378004149B2 /* Const.swift */,
				92A5B29027398366004149B2 /* Storyboard.swift */,
				92A5B294273983F0004149B2 /* ViewController.swift */,
			);
			path = Constants;
			sourceTree = "<group>";
		};
		92A5B29827398D1D004149B2 /* Classes */ = {
			isa = PBXGroup;
			children = (
				92A5B29927398D47004149B2 /* CustomNavigationBar.swift */,
			);
			path = Classes;
			sourceTree = "<group>";
		};
		92A5B29D2739AA01004149B2 /* Cells */ = {
			isa = PBXGroup;
			children = (
				92A5B29E2739AA2F004149B2 /* MyPageAlarmTVC.swift */,
				92A5B2A02739AA49004149B2 /* AccountTVC.swift */,
				92A5B2A22739AA83004149B2 /* QuestionTVC.swift */,
				92A5B2A42739AA95004149B2 /* InfoTVC.swift */,
				92A5B2A62739AAA0004149B2 /* LogOutTVC.swift */,
			);
			path = Cells;
			sourceTree = "<group>";
		};
		92A5B2A82739B24F004149B2 /* Fonts */ = {
			isa = PBXGroup;
			children = (
				92159C8D275896D40081F20B /* Dinpro */,
				92A5B2A92739B2DD004149B2 /* SpoqaHanSansNeo */,
			);
			path = Fonts;
			sourceTree = "<group>";
		};
		92A5B2A92739B2DD004149B2 /* SpoqaHanSansNeo */ = {
			isa = PBXGroup;
			children = (
				92A5B2AD2739B31D004149B2 /* SpoqaHanSansNeo-Bold.otf */,
				92A5B2AB2739B31D004149B2 /* SpoqaHanSansNeo-Light.otf */,
				92A5B2AE2739B31D004149B2 /* SpoqaHanSansNeo-Medium.otf */,
				92A5B2AC2739B31D004149B2 /* SpoqaHanSansNeo-Regular.otf */,
				92A5B2AA2739B31D004149B2 /* SpoqaHanSansNeo-Thin.otf */,
			);
			path = SpoqaHanSansNeo;
			sourceTree = "<group>";
		};
		92AFB3972763398F00977712 /* Cells */ = {
			isa = PBXGroup;
			children = (
				92AFB39C276339F400977712 /* CVC */,
				92AFB39D276339FA00977712 /* TVC */,
			);
			path = Cells;
			sourceTree = "<group>";
		};
		92AFB39C276339F400977712 /* CVC */ = {
			isa = PBXGroup;
			children = (
				92AFB398276339F000977712 /* MyGroupCVC.swift */,
				92AFB399276339F000977712 /* MyGroupCVC.xib */,
				92AFB3A027633A4000977712 /* LookCVC.swift */,
				92AFB3A127633A4000977712 /* LookCVC.xib */,
				92BCCCA927650B3D00AA70D6 /* LookDetailCVC.swift */,
				92BCCCAB2765180800AA70D6 /* LookSortCVC.swift */,
			);
			path = CVC;
			sourceTree = "<group>";
		};
		92AFB39D276339FA00977712 /* TVC */ = {
			isa = PBXGroup;
			children = (
				92AFB39E27633A1E00977712 /* MyGroupTVC.swift */,
			);
			path = TVC;
			sourceTree = "<group>";
		};
		92B156872761423000939048 /* PublicGroup */ = {
			isa = PBXGroup;
			children = (
				92F98DFF2767BEB400CA10FE /* Views */,
				92AFB3972763398F00977712 /* Cells */,
				92B156882761423E00939048 /* VCs */,
			);
			path = PublicGroup;
			sourceTree = "<group>";
		};
		92B156882761423E00939048 /* VCs */ = {
			isa = PBXGroup;
			children = (
				926290E227A40546006A3B58 /* CreatePublic */,
				926290DF27A40517006A3B58 /* PublicDetail */,
				926290DE27A4050D006A3B58 /* MyPublic */,
			);
			path = VCs;
			sourceTree = "<group>";
		};
		92B619CC273EEF2E00BE31D1 /* VCs */ = {
			isa = PBXGroup;
			children = (
				926C7C432738022F0020F851 /* ChatListVC.swift */,
				926C7C48273802890020F851 /* ChatVC.swift */,
			);
			path = VCs;
			sourceTree = "<group>";
		};
		92B619CD273EEF3700BE31D1 /* Cells */ = {
			isa = PBXGroup;
			children = (
				9276B05E275B442600915F57 /* CVC */,
				9276B05D275B442200915F57 /* TVC */,
			);
			path = Cells;
			sourceTree = "<group>";
		};
		92C41485276295E8000DB287 /* PublicGroup */ = {
			isa = PBXGroup;
			children = (
				92C4148627629606000DB287 /* MyPublic.storyboard */,
			);
			path = PublicGroup;
			sourceTree = "<group>";
		};
		92CBCE5F273B11BF00A3F36D /* VCs */ = {
			isa = PBXGroup;
			children = (
				926C7C4F273803020020F851 /* AlarmVC.swift */,
			);
			path = VCs;
			sourceTree = "<group>";
		};
		92CBCE60273B11C500A3F36D /* Cells */ = {
			isa = PBXGroup;
			children = (
				92CBCE68273B12B600A3F36D /* CVC */,
				92CBCE67273B12AB00A3F36D /* TVC */,
			);
			path = Cells;
			sourceTree = "<group>";
		};
		92CBCE67273B12AB00A3F36D /* TVC */ = {
			isa = PBXGroup;
			children = (
				92CBCE77273B233F00A3F36D /* AlarmTVC.swift */,
				92CBCE78273B233F00A3F36D /* AlarmTVC.xib */,
			);
			path = TVC;
			sourceTree = "<group>";
		};
		92CBCE68273B12B600A3F36D /* CVC */ = {
			isa = PBXGroup;
			children = (
				92CBCE71273B132600A3F36D /* ProceedCVC.swift */,
				92CBCE72273B132600A3F36D /* ProceedCVC.xib */,
				92CBCE6D273B12EC00A3F36D /* CompleteCVC.swift */,
				92CBCE6E273B12EC00A3F36D /* CompleteCVC.xib */,
			);
			path = CVC;
			sourceTree = "<group>";
		};
		92F98DFF2767BEB400CA10FE /* Views */ = {
			isa = PBXGroup;
			children = (
				92F98DFD2767BEB000CA10FE /* LookHeaderView.swift */,
			);
			path = Views;
			sourceTree = "<group>";
		};
		92FDC0242751530F0080EF20 /* PickerVC */ = {
			isa = PBXGroup;
			children = (
				92DD9FB9274BFF170045C8C7 /* SelectDateVC.swift */,
				92FDC022275153080080EF20 /* SelectTimeVC.swift */,
			);
			path = PickerVC;
			sourceTree = "<group>";
		};
		92FF59B1275AB15B00916189 /* TVC */ = {
			isa = PBXGroup;
			children = (
				92FF59AF275AB15000916189 /* MemberTVC.swift */,
				928FDA0E2760DBAB009AC059 /* MyPrivateTVC.swift */,
			);
			path = TVC;
			sourceTree = "<group>";
		};
		92FF59B2275AB16000916189 /* CVC */ = {
			isa = PBXGroup;
			children = (
				92159CA12758D76D0081F20B /* MemberCVC.swift */,
			);
			path = CVC;
			sourceTree = "<group>";
		};
		D5A64CF4076263F20E962AC4 /* Frameworks */ = {
			isa = PBXGroup;
			children = (
				56E4DD19CD69E27D0BA6EDBC /* Pods_ThunderRing.framework */,
			);
			name = Frameworks;
			sourceTree = "<group>";
		};
		EA2A0429E10DDC76BF0BA7F7 /* Pods */ = {
			isa = PBXGroup;
			children = (
				79421393DC8C74F93D07628F /* Pods-ThunderRing.debug.xcconfig */,
				D45A7455144AD6FAA3ED7282 /* Pods-ThunderRing.release.xcconfig */,
			);
			path = Pods;
			sourceTree = "<group>";
		};
/* End PBXGroup section */

/* Begin PBXNativeTarget section */
		926C7C152737F93E0020F851 /* ThunderRing */ = {
			isa = PBXNativeTarget;
			buildConfigurationList = 926C7C2A2737F93F0020F851 /* Build configuration list for PBXNativeTarget "ThunderRing" */;
			buildPhases = (
				D48CEAE8619CF0386C5F0000 /* [CP] Check Pods Manifest.lock */,
				926C7C122737F93E0020F851 /* Sources */,
				926C7C132737F93E0020F851 /* Frameworks */,
				926C7C142737F93E0020F851 /* Resources */,
				D7578F2A3A6C94B7333B1EC3 /* [CP] Embed Pods Frameworks */,
			);
			buildRules = (
			);
			dependencies = (
			);
			name = ThunderRing;
			productName = ThunderRing;
			productReference = 926C7C162737F93E0020F851 /* ThunderRing.app */;
			productType = "com.apple.product-type.application";
		};
/* End PBXNativeTarget section */

/* Begin PBXProject section */
		926C7C0E2737F93E0020F851 /* Project object */ = {
			isa = PBXProject;
			attributes = {
				BuildIndependentTargetsInParallel = 1;
				LastSwiftUpdateCheck = 1310;
				LastUpgradeCheck = 1310;
				TargetAttributes = {
					926C7C152737F93E0020F851 = {
						CreatedOnToolsVersion = 13.1;
					};
				};
			};
			buildConfigurationList = 926C7C112737F93E0020F851 /* Build configuration list for PBXProject "ThunderRing" */;
			compatibilityVersion = "Xcode 13.0";
			developmentRegion = en;
			hasScannedForEncodings = 0;
			knownRegions = (
				en,
				Base,
			);
			mainGroup = 926C7C0D2737F93E0020F851;
			packageReferences = (
			);
			productRefGroup = 926C7C172737F93E0020F851 /* Products */;
			projectDirPath = "";
			projectRoot = "";
			targets = (
				926C7C152737F93E0020F851 /* ThunderRing */,
			);
		};
/* End PBXProject section */

/* Begin PBXResourcesBuildPhase section */
		926C7C142737F93E0020F851 /* Resources */ = {
			isa = PBXResourcesBuildPhase;
			buildActionMask = 2147483647;
			files = (
				92CD3371273FA2A00094CB1C /* SpoqaHanSansNeo-Regular.otf in Resources */,
				925BAC332742B77E00126166 /* Images.xcassets in Resources */,
				92C4148727629606000DB287 /* MyPublic.storyboard in Resources */,
				926C7C59273803A10020F851 /* Alarm.storyboard in Resources */,
				92FFBBA9274CDE7E00706099 /* Buttons.xcassets in Resources */,
				926C7C57273803980020F851 /* Lightning.storyboard in Resources */,
				92A57B99275CF03200B47FC1 /* PrivateGroupTVC.xib in Resources */,
				92AFB3A327633A4000977712 /* LookCVC.xib in Resources */,
				92CD3372273FA2A00094CB1C /* SpoqaHanSansNeo-Bold.otf in Resources */,
				926C7C262737F93F0020F851 /* LaunchScreen.storyboard in Resources */,
				92159C97275896EF0081F20B /* DINPro-Medium.otf in Resources */,
				92AFB39B276339F000977712 /* MyGroupCVC.xib in Resources */,
				926C7C232737F93F0020F851 /* Assets.xcassets in Resources */,
				926C7C5B273803AA0020F851 /* MyPage.storyboard in Resources */,
				92CD3373273FA2A00094CB1C /* SpoqaHanSansNeo-Light.otf in Resources */,
				92CD3375273FA2A00094CB1C /* SpoqaHanSansNeo-Medium.otf in Resources */,
				92CBCE70273B12EC00A3F36D /* CompleteCVC.xib in Resources */,
				92159C95275896EF0081F20B /* DINPro-Black.otf in Resources */,
				92A57B95275CEF3200B47FC1 /* PrivateGroupCVC.xib in Resources */,
				92800AD3274CB3E200CA3E7E /* Colors.xcassets in Resources */,
				926C7C47273802460020F851 /* Chat.storyboard in Resources */,
				92FFBBA7274CDE5500706099 /* Icons.xcassets in Resources */,
				1DFC0BC2274C080300C5001D /* PublicGroupCVC.xib in Resources */,
				9258354E275C997900F64DC0 /* AccountInfo.storyboard in Resources */,
				928FDA042760D130009AC059 /* MyPrivate.storyboard in Resources */,
				92159C94275896EF0081F20B /* DINPro-Bold.otf in Resources */,
				1D25F5FC2752D1C600BF7C31 /* RecruitingTVC.xib in Resources */,
				92CBCE7A273B233F00A3F36D /* AlarmTVC.xib in Resources */,
				92159C96275896EF0081F20B /* DINPro-Light.otf in Resources */,
				921A45C3275355AD001E8727 /* CreatePrivate.storyboard in Resources */,
				92159C93275896EF0081F20B /* DINPro-Regular.otf in Resources */,
				926C7C212737F93E0020F851 /* Main.storyboard in Resources */,
				928FDA062760D156009AC059 /* PrivateDetail.storyboard in Resources */,
				92CBCE74273B132600A3F36D /* ProceedCVC.xib in Resources */,
				92CD3374273FA2A00094CB1C /* SpoqaHanSansNeo-Thin.otf in Resources */,
			);
			runOnlyForDeploymentPostprocessing = 0;
		};
/* End PBXResourcesBuildPhase section */

/* Begin PBXShellScriptBuildPhase section */
		D48CEAE8619CF0386C5F0000 /* [CP] Check Pods Manifest.lock */ = {
			isa = PBXShellScriptBuildPhase;
			buildActionMask = 2147483647;
			files = (
			);
			inputFileListPaths = (
			);
			inputPaths = (
				"${PODS_PODFILE_DIR_PATH}/Podfile.lock",
				"${PODS_ROOT}/Manifest.lock",
			);
			name = "[CP] Check Pods Manifest.lock";
			outputFileListPaths = (
			);
			outputPaths = (
				"$(DERIVED_FILE_DIR)/Pods-ThunderRing-checkManifestLockResult.txt",
			);
			runOnlyForDeploymentPostprocessing = 0;
			shellPath = /bin/sh;
			shellScript = "diff \"${PODS_PODFILE_DIR_PATH}/Podfile.lock\" \"${PODS_ROOT}/Manifest.lock\" > /dev/null\nif [ $? != 0 ] ; then\n    # print error to STDERR\n    echo \"error: The sandbox is not in sync with the Podfile.lock. Run 'pod install' or update your CocoaPods installation.\" >&2\n    exit 1\nfi\n# This output is used by Xcode 'outputs' to avoid re-running this script phase.\necho \"SUCCESS\" > \"${SCRIPT_OUTPUT_FILE_0}\"\n";
			showEnvVarsInLog = 0;
		};
		D7578F2A3A6C94B7333B1EC3 /* [CP] Embed Pods Frameworks */ = {
			isa = PBXShellScriptBuildPhase;
			buildActionMask = 2147483647;
			files = (
			);
			inputFileListPaths = (
				"${PODS_ROOT}/Target Support Files/Pods-ThunderRing/Pods-ThunderRing-frameworks-${CONFIGURATION}-input-files.xcfilelist",
			);
			name = "[CP] Embed Pods Frameworks";
			outputFileListPaths = (
				"${PODS_ROOT}/Target Support Files/Pods-ThunderRing/Pods-ThunderRing-frameworks-${CONFIGURATION}-output-files.xcfilelist",
			);
			runOnlyForDeploymentPostprocessing = 0;
			shellPath = /bin/sh;
			shellScript = "\"${PODS_ROOT}/Target Support Files/Pods-ThunderRing/Pods-ThunderRing-frameworks.sh\"\n";
			showEnvVarsInLog = 0;
		};
/* End PBXShellScriptBuildPhase section */

/* Begin PBXSourcesBuildPhase section */
		926C7C122737F93E0020F851 /* Sources */ = {
			isa = PBXSourcesBuildPhase;
			buildActionMask = 2147483647;
			files = (
				9276B060275B443F00915F57 /* MyChatCVC.swift in Sources */,
				925BAC462742C76F00126166 /* PrivateListTVC.swift in Sources */,
				92A5B295273983F0004149B2 /* ViewController.swift in Sources */,
				92DD9FBC274C11710045C8C7 /* ModalNavigationController.swift in Sources */,
				9276B06B275B458B00915F57 /* String+.swift in Sources */,
				92687A5727501E5C000D9A5D /* CALayer+.swift in Sources */,
				928AE07B276B0D4C001155EE /* MainPrivateCVC.swift in Sources */,
				92159CA22758D76D0081F20B /* MemberCVC.swift in Sources */,
				92A5B29F2739AA2F004149B2 /* MyPageAlarmTVC.swift in Sources */,
				926C7C372737FB4C0020F851 /* UIView+.swift in Sources */,
				9252EB97276A159F00809FEA /* UIImage+.swift in Sources */,
				926290E427A4055E006A3B58 /* CreatePublicDetailVC.swift in Sources */,
				9244097A27AE7F9000034510 /* CompleteCreatePublicVC.swift in Sources */,
				92B1568A2761426300939048 /* MyPublicVC.swift in Sources */,
				926C7C62273805B70020F851 /* NavigationController.swift in Sources */,
				92CBCE6F273B12EC00A3F36D /* CompleteCVC.swift in Sources */,
				92AFB39F27633A1E00977712 /* MyGroupTVC.swift in Sources */,
				926C7C50273803020020F851 /* AlarmVC.swift in Sources */,
				92A5B2A52739AA95004149B2 /* InfoTVC.swift in Sources */,
				925BAC382742C5C800126166 /* PrivateGroupDataModel.swift in Sources */,
				92FC3BB8276CCEBC00DDA976 /* LightningDataModel.swift in Sources */,
				926C7C5D2738043D0020F851 /* TabBarController.swift in Sources */,
				92BCCCAA27650B3D00AA70D6 /* LookDetailCVC.swift in Sources */,
				921266422747BC54009DE534 /* TestTVC.swift in Sources */,
				92291C522759130F0012927B /* CompleteCreatePrivateVC.swift in Sources */,
				92AFB39A276339F000977712 /* MyGroupCVC.swift in Sources */,
				926C7C49273802890020F851 /* ChatVC.swift in Sources */,
				926290E127A40543006A3B58 /* PublicDetailVC.swift in Sources */,
				926C7C422737FE7B0020F851 /* UITextField+.swift in Sources */,
				1DA5D064275BD7A100F78579 /* JoinVC.swift in Sources */,
				9244097827AE68EB00034510 /* CreatePublicVC.swift in Sources */,
				926C7C1E2737F93E0020F851 /* MainVC.swift in Sources */,
				92609ACB274BB7E800F0E401 /* SetLightningTitleVC.swift in Sources */,
				9212663F2747BB2B009DE534 /* TestDataModel.swift in Sources */,
				925BAC3A2742C5D400126166 /* PublicGroupDataModel.swift in Sources */,
				926C7C1A2737F93E0020F851 /* AppDelegate.swift in Sources */,
				926C7C4E273802F80020F851 /* LightningVC.swift in Sources */,
				92B619CF273EEF4700BE31D1 /* ChatListTVC.swift in Sources */,
				92CBCE79273B233F00A3F36D /* AlarmTVC.swift in Sources */,
				92A5B2A72739AAA0004149B2 /* LogOutTVC.swift in Sources */,
				92A57B98275CF03200B47FC1 /* PrivateGroupTVC.swift in Sources */,
				92DD9FBA274BFF170045C8C7 /* SelectDateVC.swift in Sources */,
				92FF59B0275AB15000916189 /* MemberTVC.swift in Sources */,
				92A5B29127398366004149B2 /* Storyboard.swift in Sources */,
				9276B06E275B462900915F57 /* ChatDataModel.swift in Sources */,
				9252EB952769CA9100809FEA /* ContactDataModel.swift in Sources */,
				92159CA02758D5620081F20B /* AddMemberVC.swift in Sources */,
				928FDA0F2760DBAB009AC059 /* MyPrivateTVC.swift in Sources */,
				9212667C2748167D009DE534 /* UIColor+.swift in Sources */,
				92BCCCAC2765180800AA70D6 /* LookSortCVC.swift in Sources */,
				928FDA0B2760D1B5009AC059 /* MyPrivateVC.swift in Sources */,
				921266442747C83B009DE534 /* FirstTestVC.swift in Sources */,
				9276B067275B453E00915F57 /* BasePaddingLabel.swift in Sources */,
				9276B070275B477A00915F57 /* CounterpartChatCVC.swift in Sources */,
				1DF615C62752CD8F00D0CF7C /* RecruitingVC.swift in Sources */,
				925BAC482742C77C00126166 /* PublicListTVC.swift in Sources */,
				9276B069275B457700915F57 /* UILabel+.swift in Sources */,
				92E497762768C42E0029682C /* ChatListDataModel.swift in Sources */,
				92159C9C2758C5B10081F20B /* CreatePrivateDetailVC.swift in Sources */,
				926C7C522738030F0020F851 /* MyPageVC.swift in Sources */,
				928FDA0D2760D1C4009AC059 /* PrivateDetailVC.swift in Sources */,
				92F98DFE2767BEB000CA10FE /* LookHeaderView.swift in Sources */,
				92583550275C999100F64DC0 /* AccountInfoVC.swift in Sources */,
				92A5B29327398378004149B2 /* Const.swift in Sources */,
				92A5B2B02739B3B1004149B2 /* UIFont+.swift in Sources */,
				9212667A2748055A009DE534 /* TestResultVC.swift in Sources */,
				1DFC0BC1274C080300C5001D /* PublicGroupCVC.swift in Sources */,
				926C7C442738022F0020F851 /* ChatListVC.swift in Sources */,
				92270D742750E1EB00364F3A /* AlarmDataModel.swift in Sources */,
				92A5B29C27399997004149B2 /* UIViewController+.swift in Sources */,
				92CBCE73273B132600A3F36D /* ProceedCVC.swift in Sources */,
				92A5B2A32739AA83004149B2 /* QuestionTVC.swift in Sources */,
				926C7C1C2737F93E0020F851 /* SceneDelegate.swift in Sources */,
				92A5B2A12739AA49004149B2 /* AccountTVC.swift in Sources */,
				9276B065275B44F700915F57 /* BaseCell.swift in Sources */,
				92A57B94275CEF3200B47FC1 /* PrivateGroupCVC.swift in Sources */,
				92609ACD274BD9A700F0E401 /* SetLigntningDetailVC.swift in Sources */,
				92AFB3A227633A4000977712 /* LookCVC.swift in Sources */,
				92159C9A2758C21A0081F20B /* CreatePrivateVC.swift in Sources */,
				1D25F5FB2752D1C600BF7C31 /* RecruitingTVC.swift in Sources */,
				92A5B29A27398D47004149B2 /* CustomNavigationBar.swift in Sources */,
				92F43A33274E8491006025EC /* CompleteLightningVC.swift in Sources */,
				92A5B29727398835004149B2 /* UITabBar+.swift in Sources */,
				92FDC023275153080080EF20 /* SelectTimeVC.swift in Sources */,
			);
			runOnlyForDeploymentPostprocessing = 0;
		};
/* End PBXSourcesBuildPhase section */

/* Begin PBXVariantGroup section */
		926C7C1F2737F93E0020F851 /* Main.storyboard */ = {
			isa = PBXVariantGroup;
			children = (
				926C7C202737F93E0020F851 /* Base */,
			);
			name = Main.storyboard;
			sourceTree = "<group>";
		};
		926C7C242737F93F0020F851 /* LaunchScreen.storyboard */ = {
			isa = PBXVariantGroup;
			children = (
				926C7C252737F93F0020F851 /* Base */,
			);
			name = LaunchScreen.storyboard;
			sourceTree = "<group>";
		};
/* End PBXVariantGroup section */

/* Begin XCBuildConfiguration section */
		926C7C282737F93F0020F851 /* Debug */ = {
			isa = XCBuildConfiguration;
			buildSettings = {
				ALWAYS_SEARCH_USER_PATHS = NO;
				CLANG_ANALYZER_NONNULL = YES;
				CLANG_ANALYZER_NUMBER_OBJECT_CONVERSION = YES_AGGRESSIVE;
				CLANG_CXX_LANGUAGE_STANDARD = "gnu++17";
				CLANG_CXX_LIBRARY = "libc++";
				CLANG_ENABLE_MODULES = YES;
				CLANG_ENABLE_OBJC_ARC = YES;
				CLANG_ENABLE_OBJC_WEAK = YES;
				CLANG_WARN_BLOCK_CAPTURE_AUTORELEASING = YES;
				CLANG_WARN_BOOL_CONVERSION = YES;
				CLANG_WARN_COMMA = YES;
				CLANG_WARN_CONSTANT_CONVERSION = YES;
				CLANG_WARN_DEPRECATED_OBJC_IMPLEMENTATIONS = YES;
				CLANG_WARN_DIRECT_OBJC_ISA_USAGE = YES_ERROR;
				CLANG_WARN_DOCUMENTATION_COMMENTS = YES;
				CLANG_WARN_EMPTY_BODY = YES;
				CLANG_WARN_ENUM_CONVERSION = YES;
				CLANG_WARN_INFINITE_RECURSION = YES;
				CLANG_WARN_INT_CONVERSION = YES;
				CLANG_WARN_NON_LITERAL_NULL_CONVERSION = YES;
				CLANG_WARN_OBJC_IMPLICIT_RETAIN_SELF = YES;
				CLANG_WARN_OBJC_LITERAL_CONVERSION = YES;
				CLANG_WARN_OBJC_ROOT_CLASS = YES_ERROR;
				CLANG_WARN_QUOTED_INCLUDE_IN_FRAMEWORK_HEADER = YES;
				CLANG_WARN_RANGE_LOOP_ANALYSIS = YES;
				CLANG_WARN_STRICT_PROTOTYPES = YES;
				CLANG_WARN_SUSPICIOUS_MOVE = YES;
				CLANG_WARN_UNGUARDED_AVAILABILITY = YES_AGGRESSIVE;
				CLANG_WARN_UNREACHABLE_CODE = YES;
				CLANG_WARN__DUPLICATE_METHOD_MATCH = YES;
				COPY_PHASE_STRIP = NO;
				DEBUG_INFORMATION_FORMAT = dwarf;
				ENABLE_STRICT_OBJC_MSGSEND = YES;
				ENABLE_TESTABILITY = YES;
				GCC_C_LANGUAGE_STANDARD = gnu11;
				GCC_DYNAMIC_NO_PIC = NO;
				GCC_NO_COMMON_BLOCKS = YES;
				GCC_OPTIMIZATION_LEVEL = 0;
				GCC_PREPROCESSOR_DEFINITIONS = (
					"DEBUG=1",
					"$(inherited)",
				);
				GCC_WARN_64_TO_32_BIT_CONVERSION = YES;
				GCC_WARN_ABOUT_RETURN_TYPE = YES_ERROR;
				GCC_WARN_UNDECLARED_SELECTOR = YES;
				GCC_WARN_UNINITIALIZED_AUTOS = YES_AGGRESSIVE;
				GCC_WARN_UNUSED_FUNCTION = YES;
				GCC_WARN_UNUSED_VARIABLE = YES;
				IPHONEOS_DEPLOYMENT_TARGET = 15.0;
				MTL_ENABLE_DEBUG_INFO = INCLUDE_SOURCE;
				MTL_FAST_MATH = YES;
				ONLY_ACTIVE_ARCH = YES;
				SDKROOT = iphoneos;
				SWIFT_ACTIVE_COMPILATION_CONDITIONS = DEBUG;
				SWIFT_OPTIMIZATION_LEVEL = "-Onone";
			};
			name = Debug;
		};
		926C7C292737F93F0020F851 /* Release */ = {
			isa = XCBuildConfiguration;
			buildSettings = {
				ALWAYS_SEARCH_USER_PATHS = NO;
				CLANG_ANALYZER_NONNULL = YES;
				CLANG_ANALYZER_NUMBER_OBJECT_CONVERSION = YES_AGGRESSIVE;
				CLANG_CXX_LANGUAGE_STANDARD = "gnu++17";
				CLANG_CXX_LIBRARY = "libc++";
				CLANG_ENABLE_MODULES = YES;
				CLANG_ENABLE_OBJC_ARC = YES;
				CLANG_ENABLE_OBJC_WEAK = YES;
				CLANG_WARN_BLOCK_CAPTURE_AUTORELEASING = YES;
				CLANG_WARN_BOOL_CONVERSION = YES;
				CLANG_WARN_COMMA = YES;
				CLANG_WARN_CONSTANT_CONVERSION = YES;
				CLANG_WARN_DEPRECATED_OBJC_IMPLEMENTATIONS = YES;
				CLANG_WARN_DIRECT_OBJC_ISA_USAGE = YES_ERROR;
				CLANG_WARN_DOCUMENTATION_COMMENTS = YES;
				CLANG_WARN_EMPTY_BODY = YES;
				CLANG_WARN_ENUM_CONVERSION = YES;
				CLANG_WARN_INFINITE_RECURSION = YES;
				CLANG_WARN_INT_CONVERSION = YES;
				CLANG_WARN_NON_LITERAL_NULL_CONVERSION = YES;
				CLANG_WARN_OBJC_IMPLICIT_RETAIN_SELF = YES;
				CLANG_WARN_OBJC_LITERAL_CONVERSION = YES;
				CLANG_WARN_OBJC_ROOT_CLASS = YES_ERROR;
				CLANG_WARN_QUOTED_INCLUDE_IN_FRAMEWORK_HEADER = YES;
				CLANG_WARN_RANGE_LOOP_ANALYSIS = YES;
				CLANG_WARN_STRICT_PROTOTYPES = YES;
				CLANG_WARN_SUSPICIOUS_MOVE = YES;
				CLANG_WARN_UNGUARDED_AVAILABILITY = YES_AGGRESSIVE;
				CLANG_WARN_UNREACHABLE_CODE = YES;
				CLANG_WARN__DUPLICATE_METHOD_MATCH = YES;
				COPY_PHASE_STRIP = NO;
				DEBUG_INFORMATION_FORMAT = "dwarf-with-dsym";
				ENABLE_NS_ASSERTIONS = NO;
				ENABLE_STRICT_OBJC_MSGSEND = YES;
				GCC_C_LANGUAGE_STANDARD = gnu11;
				GCC_NO_COMMON_BLOCKS = YES;
				GCC_WARN_64_TO_32_BIT_CONVERSION = YES;
				GCC_WARN_ABOUT_RETURN_TYPE = YES_ERROR;
				GCC_WARN_UNDECLARED_SELECTOR = YES;
				GCC_WARN_UNINITIALIZED_AUTOS = YES_AGGRESSIVE;
				GCC_WARN_UNUSED_FUNCTION = YES;
				GCC_WARN_UNUSED_VARIABLE = YES;
				IPHONEOS_DEPLOYMENT_TARGET = 15.0;
				MTL_ENABLE_DEBUG_INFO = NO;
				MTL_FAST_MATH = YES;
				SDKROOT = iphoneos;
				SWIFT_COMPILATION_MODE = wholemodule;
				SWIFT_OPTIMIZATION_LEVEL = "-O";
				VALIDATE_PRODUCT = YES;
			};
			name = Release;
		};
		926C7C2B2737F93F0020F851 /* Debug */ = {
			isa = XCBuildConfiguration;
			baseConfigurationReference = 79421393DC8C74F93D07628F /* Pods-ThunderRing.debug.xcconfig */;
			buildSettings = {
				ASSETCATALOG_COMPILER_APPICON_NAME = AppIcon;
				ASSETCATALOG_COMPILER_GLOBAL_ACCENT_COLOR_NAME = AccentColor;
				CODE_SIGN_STYLE = Automatic;
				CURRENT_PROJECT_VERSION = 1;
				DEVELOPMENT_TEAM = 4QG3GC35LA;
				GENERATE_INFOPLIST_FILE = YES;
				INFOPLIST_FILE = ThunderRing/Info.plist;
				INFOPLIST_KEY_UIApplicationSupportsIndirectInputEvents = YES;
				INFOPLIST_KEY_UILaunchStoryboardName = LaunchScreen;
				INFOPLIST_KEY_UIMainStoryboardFile = Main;
				INFOPLIST_KEY_UISupportedInterfaceOrientations_iPad = "UIInterfaceOrientationPortrait UIInterfaceOrientationPortraitUpsideDown UIInterfaceOrientationLandscapeLeft UIInterfaceOrientationLandscapeRight";
				INFOPLIST_KEY_UISupportedInterfaceOrientations_iPhone = "UIInterfaceOrientationPortrait UIInterfaceOrientationLandscapeLeft UIInterfaceOrientationLandscapeRight";
				LD_RUNPATH_SEARCH_PATHS = (
					"$(inherited)",
					"@executable_path/Frameworks",
				);
				MARKETING_VERSION = 1.0;
				PRODUCT_BUNDLE_IDENTIFIER = soyeon.ThunderRing;
				PRODUCT_NAME = "$(TARGET_NAME)";
				SWIFT_EMIT_LOC_STRINGS = YES;
				SWIFT_VERSION = 5.0;
				TARGETED_DEVICE_FAMILY = "1,2";
			};
			name = Debug;
		};
		926C7C2C2737F93F0020F851 /* Release */ = {
			isa = XCBuildConfiguration;
			baseConfigurationReference = D45A7455144AD6FAA3ED7282 /* Pods-ThunderRing.release.xcconfig */;
			buildSettings = {
				ASSETCATALOG_COMPILER_APPICON_NAME = AppIcon;
				ASSETCATALOG_COMPILER_GLOBAL_ACCENT_COLOR_NAME = AccentColor;
				CODE_SIGN_STYLE = Automatic;
				CURRENT_PROJECT_VERSION = 1;
				DEVELOPMENT_TEAM = 4QG3GC35LA;
				GENERATE_INFOPLIST_FILE = YES;
				INFOPLIST_FILE = ThunderRing/Info.plist;
				INFOPLIST_KEY_UIApplicationSupportsIndirectInputEvents = YES;
				INFOPLIST_KEY_UILaunchStoryboardName = LaunchScreen;
				INFOPLIST_KEY_UIMainStoryboardFile = Main;
				INFOPLIST_KEY_UISupportedInterfaceOrientations_iPad = "UIInterfaceOrientationPortrait UIInterfaceOrientationPortraitUpsideDown UIInterfaceOrientationLandscapeLeft UIInterfaceOrientationLandscapeRight";
				INFOPLIST_KEY_UISupportedInterfaceOrientations_iPhone = "UIInterfaceOrientationPortrait UIInterfaceOrientationLandscapeLeft UIInterfaceOrientationLandscapeRight";
				LD_RUNPATH_SEARCH_PATHS = (
					"$(inherited)",
					"@executable_path/Frameworks",
				);
				MARKETING_VERSION = 1.0;
				PRODUCT_BUNDLE_IDENTIFIER = soyeon.ThunderRing;
				PRODUCT_NAME = "$(TARGET_NAME)";
				SWIFT_EMIT_LOC_STRINGS = YES;
				SWIFT_VERSION = 5.0;
				TARGETED_DEVICE_FAMILY = "1,2";
			};
			name = Release;
		};
/* End XCBuildConfiguration section */

/* Begin XCConfigurationList section */
		926C7C112737F93E0020F851 /* Build configuration list for PBXProject "ThunderRing" */ = {
			isa = XCConfigurationList;
			buildConfigurations = (
				926C7C282737F93F0020F851 /* Debug */,
				926C7C292737F93F0020F851 /* Release */,
			);
			defaultConfigurationIsVisible = 0;
			defaultConfigurationName = Release;
		};
		926C7C2A2737F93F0020F851 /* Build configuration list for PBXNativeTarget "ThunderRing" */ = {
			isa = XCConfigurationList;
			buildConfigurations = (
				926C7C2B2737F93F0020F851 /* Debug */,
				926C7C2C2737F93F0020F851 /* Release */,
			);
			defaultConfigurationIsVisible = 0;
			defaultConfigurationName = Release;
		};
/* End XCConfigurationList section */
	};
	rootObject = 926C7C0E2737F93E0020F851 /* Project object */;
}
