// !$*UTF8*$!
{
	archiveVersion = 1;
	classes = {
	};
	objectVersion = 55;
	objects = {

/* Begin PBXBuildFile section */
		1D45CB3B27400F70005726FF /* CardView.swift in Sources */ = {isa = PBXBuildFile; fileRef = 1D45CB3A27400F70005726FF /* CardView.swift */; };
		1DEAB600274067F000074B72 /* PrivateGroupTVC.swift in Sources */ = {isa = PBXBuildFile; fileRef = 1DEAB5FF274067F000074B72 /* PrivateGroupTVC.swift */; };
		925BAC332742B77E00126166 /* Images.xcassets in Resources */ = {isa = PBXBuildFile; fileRef = 925BAC322742B77E00126166 /* Images.xcassets */; };
		925BAC382742C5C800126166 /* PrivateGroupDataModel.swift in Sources */ = {isa = PBXBuildFile; fileRef = 925BAC372742C5C800126166 /* PrivateGroupDataModel.swift */; };
		925BAC3A2742C5D400126166 /* PublicGroupDataModel.swift in Sources */ = {isa = PBXBuildFile; fileRef = 925BAC392742C5D400126166 /* PublicGroupDataModel.swift */; };
		925BAC462742C76F00126166 /* PrivateListTVC.swift in Sources */ = {isa = PBXBuildFile; fileRef = 925BAC452742C76F00126166 /* PrivateListTVC.swift */; };
		925BAC482742C77C00126166 /* PublicListTVC.swift in Sources */ = {isa = PBXBuildFile; fileRef = 925BAC472742C77C00126166 /* PublicListTVC.swift */; };
		926C7C1A2737F93E0020F851 /* AppDelegate.swift in Sources */ = {isa = PBXBuildFile; fileRef = 926C7C192737F93E0020F851 /* AppDelegate.swift */; };
		926C7C1C2737F93E0020F851 /* SceneDelegate.swift in Sources */ = {isa = PBXBuildFile; fileRef = 926C7C1B2737F93E0020F851 /* SceneDelegate.swift */; };
		926C7C1E2737F93E0020F851 /* MainVC.swift in Sources */ = {isa = PBXBuildFile; fileRef = 926C7C1D2737F93E0020F851 /* MainVC.swift */; };
		926C7C212737F93E0020F851 /* Main.storyboard in Resources */ = {isa = PBXBuildFile; fileRef = 926C7C1F2737F93E0020F851 /* Main.storyboard */; };
		926C7C232737F93F0020F851 /* Assets.xcassets in Resources */ = {isa = PBXBuildFile; fileRef = 926C7C222737F93F0020F851 /* Assets.xcassets */; };
		926C7C262737F93F0020F851 /* LaunchScreen.storyboard in Resources */ = {isa = PBXBuildFile; fileRef = 926C7C242737F93F0020F851 /* LaunchScreen.storyboard */; };
		926C7C372737FB4C0020F851 /* UIView+.swift in Sources */ = {isa = PBXBuildFile; fileRef = 926C7C362737FB4C0020F851 /* UIView+.swift */; };
		926C7C3A2737FC340020F851 /* SnapKit in Frameworks */ = {isa = PBXBuildFile; productRef = 926C7C392737FC340020F851 /* SnapKit */; };
		926C7C3D2737FC4D0020F851 /* Lottie in Frameworks */ = {isa = PBXBuildFile; productRef = 926C7C3C2737FC4D0020F851 /* Lottie */; };
		926C7C402737FC850020F851 /* Then in Frameworks */ = {isa = PBXBuildFile; productRef = 926C7C3F2737FC850020F851 /* Then */; };
		926C7C422737FE7B0020F851 /* UITextField+.swift in Sources */ = {isa = PBXBuildFile; fileRef = 926C7C412737FE7B0020F851 /* UITextField+.swift */; };
		926C7C442738022F0020F851 /* ChatListVC.swift in Sources */ = {isa = PBXBuildFile; fileRef = 926C7C432738022F0020F851 /* ChatListVC.swift */; };
		926C7C47273802460020F851 /* Chat.storyboard in Resources */ = {isa = PBXBuildFile; fileRef = 926C7C46273802460020F851 /* Chat.storyboard */; };
		926C7C49273802890020F851 /* ChatVC.swift in Sources */ = {isa = PBXBuildFile; fileRef = 926C7C48273802890020F851 /* ChatVC.swift */; };
		926C7C4E273802F80020F851 /* LightningVC.swift in Sources */ = {isa = PBXBuildFile; fileRef = 926C7C4D273802F80020F851 /* LightningVC.swift */; };
		926C7C50273803020020F851 /* AlarmVC.swift in Sources */ = {isa = PBXBuildFile; fileRef = 926C7C4F273803020020F851 /* AlarmVC.swift */; };
		926C7C522738030F0020F851 /* MyPageVC.swift in Sources */ = {isa = PBXBuildFile; fileRef = 926C7C512738030F0020F851 /* MyPageVC.swift */; };
		926C7C57273803980020F851 /* Lightning.storyboard in Resources */ = {isa = PBXBuildFile; fileRef = 926C7C56273803980020F851 /* Lightning.storyboard */; };
		926C7C59273803A10020F851 /* Alarm.storyboard in Resources */ = {isa = PBXBuildFile; fileRef = 926C7C58273803A10020F851 /* Alarm.storyboard */; };
		926C7C5B273803AA0020F851 /* MyPage.storyboard in Resources */ = {isa = PBXBuildFile; fileRef = 926C7C5A273803AA0020F851 /* MyPage.storyboard */; };
		926C7C5D2738043D0020F851 /* TabBarController.swift in Sources */ = {isa = PBXBuildFile; fileRef = 926C7C5C2738043D0020F851 /* TabBarController.swift */; };
		926C7C62273805B70020F851 /* NavigationController.swift in Sources */ = {isa = PBXBuildFile; fileRef = 926C7C61273805B70020F851 /* NavigationController.swift */; };
		92A5B29127398366004149B2 /* Storyboard.swift in Sources */ = {isa = PBXBuildFile; fileRef = 92A5B29027398366004149B2 /* Storyboard.swift */; };
		92A5B29327398378004149B2 /* Const.swift in Sources */ = {isa = PBXBuildFile; fileRef = 92A5B29227398378004149B2 /* Const.swift */; };
		92A5B295273983F0004149B2 /* ViewController.swift in Sources */ = {isa = PBXBuildFile; fileRef = 92A5B294273983F0004149B2 /* ViewController.swift */; };
		92A5B29727398835004149B2 /* UITabBar+.swift in Sources */ = {isa = PBXBuildFile; fileRef = 92A5B29627398835004149B2 /* UITabBar+.swift */; };
		92A5B29A27398D47004149B2 /* CustomNavigationBar.swift in Sources */ = {isa = PBXBuildFile; fileRef = 92A5B29927398D47004149B2 /* CustomNavigationBar.swift */; };
		92A5B29C27399997004149B2 /* UIViewController+.swift in Sources */ = {isa = PBXBuildFile; fileRef = 92A5B29B27399997004149B2 /* UIViewController+.swift */; };
		92A5B29F2739AA2F004149B2 /* MyPageAlarmTVC.swift in Sources */ = {isa = PBXBuildFile; fileRef = 92A5B29E2739AA2F004149B2 /* MyPageAlarmTVC.swift */; };
		92A5B2A12739AA49004149B2 /* AccountTVC.swift in Sources */ = {isa = PBXBuildFile; fileRef = 92A5B2A02739AA49004149B2 /* AccountTVC.swift */; };
		92A5B2A32739AA83004149B2 /* QuestionTVC.swift in Sources */ = {isa = PBXBuildFile; fileRef = 92A5B2A22739AA83004149B2 /* QuestionTVC.swift */; };
		92A5B2A52739AA95004149B2 /* InfoTVC.swift in Sources */ = {isa = PBXBuildFile; fileRef = 92A5B2A42739AA95004149B2 /* InfoTVC.swift */; };
		92A5B2A72739AAA0004149B2 /* LogOutTVC.swift in Sources */ = {isa = PBXBuildFile; fileRef = 92A5B2A62739AAA0004149B2 /* LogOutTVC.swift */; };
		92A5B2B02739B3B1004149B2 /* UIFont+.swift in Sources */ = {isa = PBXBuildFile; fileRef = 92A5B2AF2739B3B1004149B2 /* UIFont+.swift */; };
		92B619CF273EEF4700BE31D1 /* ChatListTVC.swift in Sources */ = {isa = PBXBuildFile; fileRef = 92B619CE273EEF4700BE31D1 /* ChatListTVC.swift */; };
		92CBCE6F273B12EC00A3F36D /* CompleteCVC.swift in Sources */ = {isa = PBXBuildFile; fileRef = 92CBCE6D273B12EC00A3F36D /* CompleteCVC.swift */; };
		92CBCE70273B12EC00A3F36D /* CompleteCVC.xib in Resources */ = {isa = PBXBuildFile; fileRef = 92CBCE6E273B12EC00A3F36D /* CompleteCVC.xib */; };
		92CBCE73273B132600A3F36D /* ProceedCVC.swift in Sources */ = {isa = PBXBuildFile; fileRef = 92CBCE71273B132600A3F36D /* ProceedCVC.swift */; };
		92CBCE74273B132600A3F36D /* ProceedCVC.xib in Resources */ = {isa = PBXBuildFile; fileRef = 92CBCE72273B132600A3F36D /* ProceedCVC.xib */; };
		92CBCE79273B233F00A3F36D /* AlarmTVC.swift in Sources */ = {isa = PBXBuildFile; fileRef = 92CBCE77273B233F00A3F36D /* AlarmTVC.swift */; };
		92CBCE7A273B233F00A3F36D /* AlarmTVC.xib in Resources */ = {isa = PBXBuildFile; fileRef = 92CBCE78273B233F00A3F36D /* AlarmTVC.xib */; };
		92CD3371273FA2A00094CB1C /* SpoqaHanSansNeo-Regular.otf in Resources */ = {isa = PBXBuildFile; fileRef = 92A5B2AC2739B31D004149B2 /* SpoqaHanSansNeo-Regular.otf */; };
		92CD3372273FA2A00094CB1C /* SpoqaHanSansNeo-Bold.otf in Resources */ = {isa = PBXBuildFile; fileRef = 92A5B2AD2739B31D004149B2 /* SpoqaHanSansNeo-Bold.otf */; };
		92CD3373273FA2A00094CB1C /* SpoqaHanSansNeo-Light.otf in Resources */ = {isa = PBXBuildFile; fileRef = 92A5B2AB2739B31D004149B2 /* SpoqaHanSansNeo-Light.otf */; };
		92CD3374273FA2A00094CB1C /* SpoqaHanSansNeo-Thin.otf in Resources */ = {isa = PBXBuildFile; fileRef = 92A5B2AA2739B31D004149B2 /* SpoqaHanSansNeo-Thin.otf */; };
		92CD3375273FA2A00094CB1C /* SpoqaHanSansNeo-Medium.otf in Resources */ = {isa = PBXBuildFile; fileRef = 92A5B2AE2739B31D004149B2 /* SpoqaHanSansNeo-Medium.otf */; };
/* End PBXBuildFile section */

/* Begin PBXFileReference section */
		1D45CB3A27400F70005726FF /* CardView.swift */ = {isa = PBXFileReference; lastKnownFileType = sourcecode.swift; path = CardView.swift; sourceTree = "<group>"; };
		1DEAB5FF274067F000074B72 /* PrivateGroupTVC.swift */ = {isa = PBXFileReference; lastKnownFileType = sourcecode.swift; path = PrivateGroupTVC.swift; sourceTree = "<group>"; };
		925BAC322742B77E00126166 /* Images.xcassets */ = {isa = PBXFileReference; lastKnownFileType = folder.assetcatalog; path = Images.xcassets; sourceTree = "<group>"; };
		925BAC372742C5C800126166 /* PrivateGroupDataModel.swift */ = {isa = PBXFileReference; lastKnownFileType = sourcecode.swift; path = PrivateGroupDataModel.swift; sourceTree = "<group>"; };
		925BAC392742C5D400126166 /* PublicGroupDataModel.swift */ = {isa = PBXFileReference; lastKnownFileType = sourcecode.swift; path = PublicGroupDataModel.swift; sourceTree = "<group>"; };
		925BAC452742C76F00126166 /* PrivateListTVC.swift */ = {isa = PBXFileReference; lastKnownFileType = sourcecode.swift; path = PrivateListTVC.swift; sourceTree = "<group>"; };
		925BAC472742C77C00126166 /* PublicListTVC.swift */ = {isa = PBXFileReference; lastKnownFileType = sourcecode.swift; path = PublicListTVC.swift; sourceTree = "<group>"; };
		926C7C162737F93E0020F851 /* ThunderRing.app */ = {isa = PBXFileReference; explicitFileType = wrapper.application; includeInIndex = 0; path = ThunderRing.app; sourceTree = BUILT_PRODUCTS_DIR; };
		926C7C192737F93E0020F851 /* AppDelegate.swift */ = {isa = PBXFileReference; lastKnownFileType = sourcecode.swift; path = AppDelegate.swift; sourceTree = "<group>"; };
		926C7C1B2737F93E0020F851 /* SceneDelegate.swift */ = {isa = PBXFileReference; lastKnownFileType = sourcecode.swift; path = SceneDelegate.swift; sourceTree = "<group>"; };
		926C7C1D2737F93E0020F851 /* MainVC.swift */ = {isa = PBXFileReference; lastKnownFileType = sourcecode.swift; path = MainVC.swift; sourceTree = "<group>"; };
		926C7C202737F93E0020F851 /* Base */ = {isa = PBXFileReference; lastKnownFileType = file.storyboard; name = Base; path = Base.lproj/Main.storyboard; sourceTree = "<group>"; };
		926C7C222737F93F0020F851 /* Assets.xcassets */ = {isa = PBXFileReference; lastKnownFileType = folder.assetcatalog; path = Assets.xcassets; sourceTree = "<group>"; };
		926C7C252737F93F0020F851 /* Base */ = {isa = PBXFileReference; lastKnownFileType = file.storyboard; name = Base; path = Base.lproj/LaunchScreen.storyboard; sourceTree = "<group>"; };
		926C7C272737F93F0020F851 /* Info.plist */ = {isa = PBXFileReference; lastKnownFileType = text.plist.xml; path = Info.plist; sourceTree = "<group>"; };
		926C7C362737FB4C0020F851 /* UIView+.swift */ = {isa = PBXFileReference; lastKnownFileType = sourcecode.swift; path = "UIView+.swift"; sourceTree = "<group>"; };
		926C7C412737FE7B0020F851 /* UITextField+.swift */ = {isa = PBXFileReference; lastKnownFileType = sourcecode.swift; path = "UITextField+.swift"; sourceTree = "<group>"; };
		926C7C432738022F0020F851 /* ChatListVC.swift */ = {isa = PBXFileReference; lastKnownFileType = sourcecode.swift; path = ChatListVC.swift; sourceTree = "<group>"; };
		926C7C46273802460020F851 /* Chat.storyboard */ = {isa = PBXFileReference; lastKnownFileType = file.storyboard; path = Chat.storyboard; sourceTree = "<group>"; };
		926C7C48273802890020F851 /* ChatVC.swift */ = {isa = PBXFileReference; lastKnownFileType = sourcecode.swift; path = ChatVC.swift; sourceTree = "<group>"; };
		926C7C4D273802F80020F851 /* LightningVC.swift */ = {isa = PBXFileReference; lastKnownFileType = sourcecode.swift; path = LightningVC.swift; sourceTree = "<group>"; };
		926C7C4F273803020020F851 /* AlarmVC.swift */ = {isa = PBXFileReference; lastKnownFileType = sourcecode.swift; path = AlarmVC.swift; sourceTree = "<group>"; };
		926C7C512738030F0020F851 /* MyPageVC.swift */ = {isa = PBXFileReference; lastKnownFileType = sourcecode.swift; path = MyPageVC.swift; sourceTree = "<group>"; };
		926C7C56273803980020F851 /* Lightning.storyboard */ = {isa = PBXFileReference; lastKnownFileType = file.storyboard; path = Lightning.storyboard; sourceTree = "<group>"; };
		926C7C58273803A10020F851 /* Alarm.storyboard */ = {isa = PBXFileReference; lastKnownFileType = file.storyboard; path = Alarm.storyboard; sourceTree = "<group>"; };
		926C7C5A273803AA0020F851 /* MyPage.storyboard */ = {isa = PBXFileReference; lastKnownFileType = file.storyboard; path = MyPage.storyboard; sourceTree = "<group>"; };
		926C7C5C2738043D0020F851 /* TabBarController.swift */ = {isa = PBXFileReference; lastKnownFileType = sourcecode.swift; path = TabBarController.swift; sourceTree = "<group>"; };
		926C7C61273805B70020F851 /* NavigationController.swift */ = {isa = PBXFileReference; lastKnownFileType = sourcecode.swift; path = NavigationController.swift; sourceTree = "<group>"; };
		92A5B29027398366004149B2 /* Storyboard.swift */ = {isa = PBXFileReference; lastKnownFileType = sourcecode.swift; path = Storyboard.swift; sourceTree = "<group>"; };
		92A5B29227398378004149B2 /* Const.swift */ = {isa = PBXFileReference; lastKnownFileType = sourcecode.swift; path = Const.swift; sourceTree = "<group>"; };
		92A5B294273983F0004149B2 /* ViewController.swift */ = {isa = PBXFileReference; lastKnownFileType = sourcecode.swift; path = ViewController.swift; sourceTree = "<group>"; };
		92A5B29627398835004149B2 /* UITabBar+.swift */ = {isa = PBXFileReference; lastKnownFileType = sourcecode.swift; path = "UITabBar+.swift"; sourceTree = "<group>"; };
		92A5B29927398D47004149B2 /* CustomNavigationBar.swift */ = {isa = PBXFileReference; lastKnownFileType = sourcecode.swift; path = CustomNavigationBar.swift; sourceTree = "<group>"; };
		92A5B29B27399997004149B2 /* UIViewController+.swift */ = {isa = PBXFileReference; lastKnownFileType = sourcecode.swift; path = "UIViewController+.swift"; sourceTree = "<group>"; };
		92A5B29E2739AA2F004149B2 /* MyPageAlarmTVC.swift */ = {isa = PBXFileReference; lastKnownFileType = sourcecode.swift; path = MyPageAlarmTVC.swift; sourceTree = "<group>"; };
		92A5B2A02739AA49004149B2 /* AccountTVC.swift */ = {isa = PBXFileReference; lastKnownFileType = sourcecode.swift; path = AccountTVC.swift; sourceTree = "<group>"; };
		92A5B2A22739AA83004149B2 /* QuestionTVC.swift */ = {isa = PBXFileReference; lastKnownFileType = sourcecode.swift; path = QuestionTVC.swift; sourceTree = "<group>"; };
		92A5B2A42739AA95004149B2 /* InfoTVC.swift */ = {isa = PBXFileReference; lastKnownFileType = sourcecode.swift; path = InfoTVC.swift; sourceTree = "<group>"; };
		92A5B2A62739AAA0004149B2 /* LogOutTVC.swift */ = {isa = PBXFileReference; lastKnownFileType = sourcecode.swift; path = LogOutTVC.swift; sourceTree = "<group>"; };
		92A5B2AA2739B31D004149B2 /* SpoqaHanSansNeo-Thin.otf */ = {isa = PBXFileReference; lastKnownFileType = file; path = "SpoqaHanSansNeo-Thin.otf"; sourceTree = "<group>"; };
		92A5B2AB2739B31D004149B2 /* SpoqaHanSansNeo-Light.otf */ = {isa = PBXFileReference; lastKnownFileType = file; path = "SpoqaHanSansNeo-Light.otf"; sourceTree = "<group>"; };
		92A5B2AC2739B31D004149B2 /* SpoqaHanSansNeo-Regular.otf */ = {isa = PBXFileReference; lastKnownFileType = file; path = "SpoqaHanSansNeo-Regular.otf"; sourceTree = "<group>"; };
		92A5B2AD2739B31D004149B2 /* SpoqaHanSansNeo-Bold.otf */ = {isa = PBXFileReference; lastKnownFileType = file; path = "SpoqaHanSansNeo-Bold.otf"; sourceTree = "<group>"; };
		92A5B2AE2739B31D004149B2 /* SpoqaHanSansNeo-Medium.otf */ = {isa = PBXFileReference; lastKnownFileType = file; path = "SpoqaHanSansNeo-Medium.otf"; sourceTree = "<group>"; };
		92A5B2AF2739B3B1004149B2 /* UIFont+.swift */ = {isa = PBXFileReference; lastKnownFileType = sourcecode.swift; path = "UIFont+.swift"; sourceTree = "<group>"; };
		92B619CE273EEF4700BE31D1 /* ChatListTVC.swift */ = {isa = PBXFileReference; lastKnownFileType = sourcecode.swift; path = ChatListTVC.swift; sourceTree = "<group>"; };
		92CBCE6D273B12EC00A3F36D /* CompleteCVC.swift */ = {isa = PBXFileReference; lastKnownFileType = sourcecode.swift; path = CompleteCVC.swift; sourceTree = "<group>"; };
		92CBCE6E273B12EC00A3F36D /* CompleteCVC.xib */ = {isa = PBXFileReference; lastKnownFileType = file.xib; path = CompleteCVC.xib; sourceTree = "<group>"; };
		92CBCE71273B132600A3F36D /* ProceedCVC.swift */ = {isa = PBXFileReference; lastKnownFileType = sourcecode.swift; path = ProceedCVC.swift; sourceTree = "<group>"; };
		92CBCE72273B132600A3F36D /* ProceedCVC.xib */ = {isa = PBXFileReference; lastKnownFileType = file.xib; path = ProceedCVC.xib; sourceTree = "<group>"; };
		92CBCE77273B233F00A3F36D /* AlarmTVC.swift */ = {isa = PBXFileReference; lastKnownFileType = sourcecode.swift; path = AlarmTVC.swift; sourceTree = "<group>"; };
		92CBCE78273B233F00A3F36D /* AlarmTVC.xib */ = {isa = PBXFileReference; lastKnownFileType = file.xib; path = AlarmTVC.xib; sourceTree = "<group>"; };
/* End PBXFileReference section */

/* Begin PBXFrameworksBuildPhase section */
		926C7C132737F93E0020F851 /* Frameworks */ = {
			isa = PBXFrameworksBuildPhase;
			buildActionMask = 2147483647;
			files = (
				926C7C3A2737FC340020F851 /* SnapKit in Frameworks */,
				926C7C402737FC850020F851 /* Then in Frameworks */,
				926C7C3D2737FC4D0020F851 /* Lottie in Frameworks */,
			);
			runOnlyForDeploymentPostprocessing = 0;
		};
/* End PBXFrameworksBuildPhase section */

/* Begin PBXGroup section */
		1D45CB3927400F5D005726FF /* Classes */ = {
			isa = PBXGroup;
			children = (
				1D45CB3A27400F70005726FF /* CardView.swift */,
			);
			path = Classes;
			sourceTree = "<group>";
		};
		1DEAB5FA27405A5100074B72 /* Cells */ = {
			isa = PBXGroup;
			children = (
				1DEAB5FF274067F000074B72 /* PrivateGroupTVC.swift */,
			);
			path = Cells;
			sourceTree = "<group>";
		};
		925BAC312742B75B00126166 /* Assets */ = {
			isa = PBXGroup;
			children = (
				926C7C222737F93F0020F851 /* Assets.xcassets */,
				925BAC322742B77E00126166 /* Images.xcassets */,
			);
			path = Assets;
			sourceTree = "<group>";
		};
		925BAC342742C58B00126166 /* Models */ = {
			isa = PBXGroup;
			children = (
				925BAC372742C5C800126166 /* PrivateGroupDataModel.swift */,
				925BAC392742C5D400126166 /* PublicGroupDataModel.swift */,
			);
			path = Models;
			sourceTree = "<group>";
		};
		925BAC352742C59200126166 /* VCs */ = {
			isa = PBXGroup;
			children = (
				926C7C4D273802F80020F851 /* LightningVC.swift */,
			);
			path = VCs;
			sourceTree = "<group>";
		};
		925BAC3B2742C6D000126166 /* Cells */ = {
			isa = PBXGroup;
			children = (
				925BAC452742C76F00126166 /* PrivateListTVC.swift */,
				925BAC472742C77C00126166 /* PublicListTVC.swift */,
			);
			path = Cells;
			sourceTree = "<group>";
		};
		926C7C0D2737F93E0020F851 = {
			isa = PBXGroup;
			children = (
				926C7C182737F93E0020F851 /* ThunderRing */,
				926C7C172737F93E0020F851 /* Products */,
			);
			sourceTree = "<group>";
		};
		926C7C172737F93E0020F851 /* Products */ = {
			isa = PBXGroup;
			children = (
				926C7C162737F93E0020F851 /* ThunderRing.app */,
			);
			name = Products;
			sourceTree = "<group>";
		};
		926C7C182737F93E0020F851 /* ThunderRing */ = {
			isa = PBXGroup;
			children = (
				926C7C272737F93F0020F851 /* Info.plist */,
				926C7C2F2737F9D30020F851 /* Global */,
				926C7C2D2737F9C80020F851 /* Resources */,
				926C7C2E2737F9CE0020F851 /* Sources */,
			);
			path = ThunderRing;
			sourceTree = "<group>";
		};
		926C7C2D2737F9C80020F851 /* Resources */ = {
			isa = PBXGroup;
			children = (
				925BAC312742B75B00126166 /* Assets */,
				92A5B2A82739B24F004149B2 /* Fonts */,
				926C7C312737F9F40020F851 /* Storyboards */,
			);
			path = Resources;
			sourceTree = "<group>";
		};
		926C7C2E2737F9CE0020F851 /* Sources */ = {
			isa = PBXGroup;
			children = (
				926C7C5C2738043D0020F851 /* TabBarController.swift */,
				926C7C61273805B70020F851 /* NavigationController.swift */,
				926C7C4C273802E80020F851 /* MyPage */,
				926C7C4B273802E10020F851 /* Alarm */,
				926C7C4A273802D30020F851 /* Lightning */,
				926C7C342737FA170020F851 /* Chat */,
				926C7C332737FA120020F851 /* Main */,
			);
			path = Sources;
			sourceTree = "<group>";
		};
		926C7C2F2737F9D30020F851 /* Global */ = {
			isa = PBXGroup;
			children = (
				92A5B29827398D1D004149B2 /* Classes */,
				92A5B28F2739834F004149B2 /* Constants */,
				926C7C352737FB3A0020F851 /* Extensions */,
				926C7C302737F9E60020F851 /* Supports */,
			);
			path = Global;
			sourceTree = "<group>";
		};
		926C7C302737F9E60020F851 /* Supports */ = {
			isa = PBXGroup;
			children = (
				926C7C192737F93E0020F851 /* AppDelegate.swift */,
				926C7C1B2737F93E0020F851 /* SceneDelegate.swift */,
			);
			path = Supports;
			sourceTree = "<group>";
		};
		926C7C312737F9F40020F851 /* Storyboards */ = {
			isa = PBXGroup;
			children = (
				926C7C552738038E0020F851 /* MyPage */,
				926C7C54273803890020F851 /* Alarm */,
				926C7C53273803850020F851 /* Lightning */,
				926C7C452738023A0020F851 /* Chat */,
				926C7C322737FA020020F851 /* Main */,
				926C7C242737F93F0020F851 /* LaunchScreen.storyboard */,
			);
			path = Storyboards;
			sourceTree = "<group>";
		};
		926C7C322737FA020020F851 /* Main */ = {
			isa = PBXGroup;
			children = (
				926C7C1F2737F93E0020F851 /* Main.storyboard */,
			);
			path = Main;
			sourceTree = "<group>";
		};
		926C7C332737FA120020F851 /* Main */ = {
			isa = PBXGroup;
			children = (
				1DEAB5FA27405A5100074B72 /* Cells */,
				1D45CB3927400F5D005726FF /* Classes */,
				926C7C60273804D40020F851 /* VCs */,
			);
			path = Main;
			sourceTree = "<group>";
		};
		926C7C342737FA170020F851 /* Chat */ = {
			isa = PBXGroup;
			children = (
				92B619CD273EEF3700BE31D1 /* Cells */,
				92B619CC273EEF2E00BE31D1 /* VCs */,
			);
			path = Chat;
			sourceTree = "<group>";
		};
		926C7C352737FB3A0020F851 /* Extensions */ = {
			isa = PBXGroup;
			children = (
				926C7C362737FB4C0020F851 /* UIView+.swift */,
				926C7C412737FE7B0020F851 /* UITextField+.swift */,
				92A5B29627398835004149B2 /* UITabBar+.swift */,
				92A5B29B27399997004149B2 /* UIViewController+.swift */,
				92A5B2AF2739B3B1004149B2 /* UIFont+.swift */,
			);
			path = Extensions;
			sourceTree = "<group>";
		};
		926C7C452738023A0020F851 /* Chat */ = {
			isa = PBXGroup;
			children = (
				926C7C46273802460020F851 /* Chat.storyboard */,
			);
			path = Chat;
			sourceTree = "<group>";
		};
		926C7C4A273802D30020F851 /* Lightning */ = {
			isa = PBXGroup;
			children = (
				925BAC3B2742C6D000126166 /* Cells */,
				925BAC352742C59200126166 /* VCs */,
				925BAC342742C58B00126166 /* Models */,
			);
			path = Lightning;
			sourceTree = "<group>";
		};
		926C7C4B273802E10020F851 /* Alarm */ = {
			isa = PBXGroup;
			children = (
				92CBCE60273B11C500A3F36D /* Cells */,
				92CBCE5F273B11BF00A3F36D /* VCs */,
			);
			path = Alarm;
			sourceTree = "<group>";
		};
		926C7C4C273802E80020F851 /* MyPage */ = {
			isa = PBXGroup;
			children = (
				92A5B29D2739AA01004149B2 /* Cells */,
				926C7C5E273804A20020F851 /* VCs */,
			);
			path = MyPage;
			sourceTree = "<group>";
		};
		926C7C53273803850020F851 /* Lightning */ = {
			isa = PBXGroup;
			children = (
				926C7C56273803980020F851 /* Lightning.storyboard */,
			);
			path = Lightning;
			sourceTree = "<group>";
		};
		926C7C54273803890020F851 /* Alarm */ = {
			isa = PBXGroup;
			children = (
				926C7C58273803A10020F851 /* Alarm.storyboard */,
			);
			path = Alarm;
			sourceTree = "<group>";
		};
		926C7C552738038E0020F851 /* MyPage */ = {
			isa = PBXGroup;
			children = (
				926C7C5A273803AA0020F851 /* MyPage.storyboard */,
			);
			path = MyPage;
			sourceTree = "<group>";
		};
		926C7C5E273804A20020F851 /* VCs */ = {
			isa = PBXGroup;
			children = (
				926C7C512738030F0020F851 /* MyPageVC.swift */,
			);
			path = VCs;
			sourceTree = "<group>";
		};
		926C7C60273804D40020F851 /* VCs */ = {
			isa = PBXGroup;
			children = (
				926C7C1D2737F93E0020F851 /* MainVC.swift */,
			);
			path = VCs;
			sourceTree = "<group>";
		};
		92A5B28F2739834F004149B2 /* Constants */ = {
			isa = PBXGroup;
			children = (
				92A5B29227398378004149B2 /* Const.swift */,
				92A5B29027398366004149B2 /* Storyboard.swift */,
				92A5B294273983F0004149B2 /* ViewController.swift */,
			);
			path = Constants;
			sourceTree = "<group>";
		};
		92A5B29827398D1D004149B2 /* Classes */ = {
			isa = PBXGroup;
			children = (
				92A5B29927398D47004149B2 /* CustomNavigationBar.swift */,
			);
			path = Classes;
			sourceTree = "<group>";
		};
		92A5B29D2739AA01004149B2 /* Cells */ = {
			isa = PBXGroup;
			children = (
				92A5B29E2739AA2F004149B2 /* MyPageAlarmTVC.swift */,
				92A5B2A02739AA49004149B2 /* AccountTVC.swift */,
				92A5B2A22739AA83004149B2 /* QuestionTVC.swift */,
				92A5B2A42739AA95004149B2 /* InfoTVC.swift */,
				92A5B2A62739AAA0004149B2 /* LogOutTVC.swift */,
			);
			path = Cells;
			sourceTree = "<group>";
		};
		92A5B2A82739B24F004149B2 /* Fonts */ = {
			isa = PBXGroup;
			children = (
				92A5B2A92739B2DD004149B2 /* SpoqaHanSansNeo */,
			);
			path = Fonts;
			sourceTree = "<group>";
		};
		92A5B2A92739B2DD004149B2 /* SpoqaHanSansNeo */ = {
			isa = PBXGroup;
			children = (
				92A5B2AD2739B31D004149B2 /* SpoqaHanSansNeo-Bold.otf */,
				92A5B2AB2739B31D004149B2 /* SpoqaHanSansNeo-Light.otf */,
				92A5B2AE2739B31D004149B2 /* SpoqaHanSansNeo-Medium.otf */,
				92A5B2AC2739B31D004149B2 /* SpoqaHanSansNeo-Regular.otf */,
				92A5B2AA2739B31D004149B2 /* SpoqaHanSansNeo-Thin.otf */,
			);
			path = SpoqaHanSansNeo;
			sourceTree = "<group>";
		};
		92B619CC273EEF2E00BE31D1 /* VCs */ = {
			isa = PBXGroup;
			children = (
				926C7C432738022F0020F851 /* ChatListVC.swift */,
				926C7C48273802890020F851 /* ChatVC.swift */,
			);
			path = VCs;
			sourceTree = "<group>";
		};
		92B619CD273EEF3700BE31D1 /* Cells */ = {
			isa = PBXGroup;
			children = (
				92B619CE273EEF4700BE31D1 /* ChatListTVC.swift */,
			);
			path = Cells;
			sourceTree = "<group>";
		};
		92CBCE5F273B11BF00A3F36D /* VCs */ = {
			isa = PBXGroup;
			children = (
				926C7C4F273803020020F851 /* AlarmVC.swift */,
			);
			path = VCs;
			sourceTree = "<group>";
		};
		92CBCE60273B11C500A3F36D /* Cells */ = {
			isa = PBXGroup;
			children = (
				92CBCE68273B12B600A3F36D /* CVC */,
				92CBCE67273B12AB00A3F36D /* TVC */,
			);
			path = Cells;
			sourceTree = "<group>";
		};
		92CBCE67273B12AB00A3F36D /* TVC */ = {
			isa = PBXGroup;
			children = (
				92CBCE77273B233F00A3F36D /* AlarmTVC.swift */,
				92CBCE78273B233F00A3F36D /* AlarmTVC.xib */,
			);
			path = TVC;
			sourceTree = "<group>";
		};
		92CBCE68273B12B600A3F36D /* CVC */ = {
			isa = PBXGroup;
			children = (
				92CBCE71273B132600A3F36D /* ProceedCVC.swift */,
				92CBCE72273B132600A3F36D /* ProceedCVC.xib */,
				92CBCE6D273B12EC00A3F36D /* CompleteCVC.swift */,
				92CBCE6E273B12EC00A3F36D /* CompleteCVC.xib */,
			);
			path = CVC;
			sourceTree = "<group>";
		};
/* End PBXGroup section */

/* Begin PBXNativeTarget section */
		926C7C152737F93E0020F851 /* ThunderRing */ = {
			isa = PBXNativeTarget;
			buildConfigurationList = 926C7C2A2737F93F0020F851 /* Build configuration list for PBXNativeTarget "ThunderRing" */;
			buildPhases = (
				926C7C122737F93E0020F851 /* Sources */,
				926C7C132737F93E0020F851 /* Frameworks */,
				926C7C142737F93E0020F851 /* Resources */,
			);
			buildRules = (
			);
			dependencies = (
			);
			name = ThunderRing;
			packageProductDependencies = (
				926C7C392737FC340020F851 /* SnapKit */,
				926C7C3C2737FC4D0020F851 /* Lottie */,
				926C7C3F2737FC850020F851 /* Then */,
			);
			productName = ThunderRing;
			productReference = 926C7C162737F93E0020F851 /* ThunderRing.app */;
			productType = "com.apple.product-type.application";
		};
/* End PBXNativeTarget section */

/* Begin PBXProject section */
		926C7C0E2737F93E0020F851 /* Project object */ = {
			isa = PBXProject;
			attributes = {
				BuildIndependentTargetsInParallel = 1;
				LastSwiftUpdateCheck = 1310;
				LastUpgradeCheck = 1310;
				TargetAttributes = {
					926C7C152737F93E0020F851 = {
						CreatedOnToolsVersion = 13.1;
					};
				};
			};
			buildConfigurationList = 926C7C112737F93E0020F851 /* Build configuration list for PBXProject "ThunderRing" */;
			compatibilityVersion = "Xcode 13.0";
			developmentRegion = en;
			hasScannedForEncodings = 0;
			knownRegions = (
				en,
				Base,
			);
			mainGroup = 926C7C0D2737F93E0020F851;
			packageReferences = (
				926C7C382737FC340020F851 /* XCRemoteSwiftPackageReference "SnapKit" */,
				926C7C3B2737FC4D0020F851 /* XCRemoteSwiftPackageReference "lottie-ios" */,
				926C7C3E2737FC850020F851 /* XCRemoteSwiftPackageReference "Then" */,
			);
			productRefGroup = 926C7C172737F93E0020F851 /* Products */;
			projectDirPath = "";
			projectRoot = "";
			targets = (
				926C7C152737F93E0020F851 /* ThunderRing */,
			);
		};
/* End PBXProject section */

/* Begin PBXResourcesBuildPhase section */
		926C7C142737F93E0020F851 /* Resources */ = {
			isa = PBXResourcesBuildPhase;
			buildActionMask = 2147483647;
			files = (
				92CD3371273FA2A00094CB1C /* SpoqaHanSansNeo-Regular.otf in Resources */,
				925BAC332742B77E00126166 /* Images.xcassets in Resources */,
				926C7C59273803A10020F851 /* Alarm.storyboard in Resources */,
				926C7C57273803980020F851 /* Lightning.storyboard in Resources */,
				92CD3372273FA2A00094CB1C /* SpoqaHanSansNeo-Bold.otf in Resources */,
				926C7C262737F93F0020F851 /* LaunchScreen.storyboard in Resources */,
				926C7C232737F93F0020F851 /* Assets.xcassets in Resources */,
				926C7C5B273803AA0020F851 /* MyPage.storyboard in Resources */,
				92CD3373273FA2A00094CB1C /* SpoqaHanSansNeo-Light.otf in Resources */,
				92CD3375273FA2A00094CB1C /* SpoqaHanSansNeo-Medium.otf in Resources */,
				92CBCE70273B12EC00A3F36D /* CompleteCVC.xib in Resources */,
				926C7C47273802460020F851 /* Chat.storyboard in Resources */,
				92CBCE7A273B233F00A3F36D /* AlarmTVC.xib in Resources */,
				926C7C212737F93E0020F851 /* Main.storyboard in Resources */,
				92CBCE74273B132600A3F36D /* ProceedCVC.xib in Resources */,
				92CD3374273FA2A00094CB1C /* SpoqaHanSansNeo-Thin.otf in Resources */,
			);
			runOnlyForDeploymentPostprocessing = 0;
		};
/* End PBXResourcesBuildPhase section */

/* Begin PBXSourcesBuildPhase section */
		926C7C122737F93E0020F851 /* Sources */ = {
			isa = PBXSourcesBuildPhase;
			buildActionMask = 2147483647;
			files = (
				925BAC462742C76F00126166 /* PrivateListTVC.swift in Sources */,
				92A5B295273983F0004149B2 /* ViewController.swift in Sources */,
				92A5B29F2739AA2F004149B2 /* MyPageAlarmTVC.swift in Sources */,
				926C7C372737FB4C0020F851 /* UIView+.swift in Sources */,
				926C7C62273805B70020F851 /* NavigationController.swift in Sources */,
				92CBCE6F273B12EC00A3F36D /* CompleteCVC.swift in Sources */,
				926C7C50273803020020F851 /* AlarmVC.swift in Sources */,
				92A5B2A52739AA95004149B2 /* InfoTVC.swift in Sources */,
				925BAC382742C5C800126166 /* PrivateGroupDataModel.swift in Sources */,
				926C7C5D2738043D0020F851 /* TabBarController.swift in Sources */,
				926C7C49273802890020F851 /* ChatVC.swift in Sources */,
				926C7C422737FE7B0020F851 /* UITextField+.swift in Sources */,
				926C7C1E2737F93E0020F851 /* MainVC.swift in Sources */,
				925BAC3A2742C5D400126166 /* PublicGroupDataModel.swift in Sources */,
				926C7C1A2737F93E0020F851 /* AppDelegate.swift in Sources */,
				926C7C4E273802F80020F851 /* LightningVC.swift in Sources */,
				92B619CF273EEF4700BE31D1 /* ChatListTVC.swift in Sources */,
				92CBCE79273B233F00A3F36D /* AlarmTVC.swift in Sources */,
				92A5B2A72739AAA0004149B2 /* LogOutTVC.swift in Sources */,
				1DEAB600274067F000074B72 /* PrivateGroupTVC.swift in Sources */,
				92A5B29127398366004149B2 /* Storyboard.swift in Sources */,
				1D45CB3B27400F70005726FF /* CardView.swift in Sources */,
				925BAC482742C77C00126166 /* PublicListTVC.swift in Sources */,
				926C7C522738030F0020F851 /* MyPageVC.swift in Sources */,
				92A5B29327398378004149B2 /* Const.swift in Sources */,
				92A5B2B02739B3B1004149B2 /* UIFont+.swift in Sources */,
				926C7C442738022F0020F851 /* ChatListVC.swift in Sources */,
				92A5B29C27399997004149B2 /* UIViewController+.swift in Sources */,
				92CBCE73273B132600A3F36D /* ProceedCVC.swift in Sources */,
				92A5B2A32739AA83004149B2 /* QuestionTVC.swift in Sources */,
				926C7C1C2737F93E0020F851 /* SceneDelegate.swift in Sources */,
				92A5B2A12739AA49004149B2 /* AccountTVC.swift in Sources */,
				92A5B29A27398D47004149B2 /* CustomNavigationBar.swift in Sources */,
				92A5B29727398835004149B2 /* UITabBar+.swift in Sources */,
			);
			runOnlyForDeploymentPostprocessing = 0;
		};
/* End PBXSourcesBuildPhase section */

/* Begin PBXVariantGroup section */
		926C7C1F2737F93E0020F851 /* Main.storyboard */ = {
			isa = PBXVariantGroup;
			children = (
				926C7C202737F93E0020F851 /* Base */,
			);
			name = Main.storyboard;
			sourceTree = "<group>";
		};
		926C7C242737F93F0020F851 /* LaunchScreen.storyboard */ = {
			isa = PBXVariantGroup;
			children = (
				926C7C252737F93F0020F851 /* Base */,
			);
			name = LaunchScreen.storyboard;
			sourceTree = "<group>";
		};
/* End PBXVariantGroup section */

/* Begin XCBuildConfiguration section */
		926C7C282737F93F0020F851 /* Debug */ = {
			isa = XCBuildConfiguration;
			buildSettings = {
				ALWAYS_SEARCH_USER_PATHS = NO;
				CLANG_ANALYZER_NONNULL = YES;
				CLANG_ANALYZER_NUMBER_OBJECT_CONVERSION = YES_AGGRESSIVE;
				CLANG_CXX_LANGUAGE_STANDARD = "gnu++17";
				CLANG_CXX_LIBRARY = "libc++";
				CLANG_ENABLE_MODULES = YES;
				CLANG_ENABLE_OBJC_ARC = YES;
				CLANG_ENABLE_OBJC_WEAK = YES;
				CLANG_WARN_BLOCK_CAPTURE_AUTORELEASING = YES;
				CLANG_WARN_BOOL_CONVERSION = YES;
				CLANG_WARN_COMMA = YES;
				CLANG_WARN_CONSTANT_CONVERSION = YES;
				CLANG_WARN_DEPRECATED_OBJC_IMPLEMENTATIONS = YES;
				CLANG_WARN_DIRECT_OBJC_ISA_USAGE = YES_ERROR;
				CLANG_WARN_DOCUMENTATION_COMMENTS = YES;
				CLANG_WARN_EMPTY_BODY = YES;
				CLANG_WARN_ENUM_CONVERSION = YES;
				CLANG_WARN_INFINITE_RECURSION = YES;
				CLANG_WARN_INT_CONVERSION = YES;
				CLANG_WARN_NON_LITERAL_NULL_CONVERSION = YES;
				CLANG_WARN_OBJC_IMPLICIT_RETAIN_SELF = YES;
				CLANG_WARN_OBJC_LITERAL_CONVERSION = YES;
				CLANG_WARN_OBJC_ROOT_CLASS = YES_ERROR;
				CLANG_WARN_QUOTED_INCLUDE_IN_FRAMEWORK_HEADER = YES;
				CLANG_WARN_RANGE_LOOP_ANALYSIS = YES;
				CLANG_WARN_STRICT_PROTOTYPES = YES;
				CLANG_WARN_SUSPICIOUS_MOVE = YES;
				CLANG_WARN_UNGUARDED_AVAILABILITY = YES_AGGRESSIVE;
				CLANG_WARN_UNREACHABLE_CODE = YES;
				CLANG_WARN__DUPLICATE_METHOD_MATCH = YES;
				COPY_PHASE_STRIP = NO;
				DEBUG_INFORMATION_FORMAT = dwarf;
				ENABLE_STRICT_OBJC_MSGSEND = YES;
				ENABLE_TESTABILITY = YES;
				GCC_C_LANGUAGE_STANDARD = gnu11;
				GCC_DYNAMIC_NO_PIC = NO;
				GCC_NO_COMMON_BLOCKS = YES;
				GCC_OPTIMIZATION_LEVEL = 0;
				GCC_PREPROCESSOR_DEFINITIONS = (
					"DEBUG=1",
					"$(inherited)",
				);
				GCC_WARN_64_TO_32_BIT_CONVERSION = YES;
				GCC_WARN_ABOUT_RETURN_TYPE = YES_ERROR;
				GCC_WARN_UNDECLARED_SELECTOR = YES;
				GCC_WARN_UNINITIALIZED_AUTOS = YES_AGGRESSIVE;
				GCC_WARN_UNUSED_FUNCTION = YES;
				GCC_WARN_UNUSED_VARIABLE = YES;
				IPHONEOS_DEPLOYMENT_TARGET = 15.0;
				MTL_ENABLE_DEBUG_INFO = INCLUDE_SOURCE;
				MTL_FAST_MATH = YES;
				ONLY_ACTIVE_ARCH = YES;
				SDKROOT = iphoneos;
				SWIFT_ACTIVE_COMPILATION_CONDITIONS = DEBUG;
				SWIFT_OPTIMIZATION_LEVEL = "-Onone";
			};
			name = Debug;
		};
		926C7C292737F93F0020F851 /* Release */ = {
			isa = XCBuildConfiguration;
			buildSettings = {
				ALWAYS_SEARCH_USER_PATHS = NO;
				CLANG_ANALYZER_NONNULL = YES;
				CLANG_ANALYZER_NUMBER_OBJECT_CONVERSION = YES_AGGRESSIVE;
				CLANG_CXX_LANGUAGE_STANDARD = "gnu++17";
				CLANG_CXX_LIBRARY = "libc++";
				CLANG_ENABLE_MODULES = YES;
				CLANG_ENABLE_OBJC_ARC = YES;
				CLANG_ENABLE_OBJC_WEAK = YES;
				CLANG_WARN_BLOCK_CAPTURE_AUTORELEASING = YES;
				CLANG_WARN_BOOL_CONVERSION = YES;
				CLANG_WARN_COMMA = YES;
				CLANG_WARN_CONSTANT_CONVERSION = YES;
				CLANG_WARN_DEPRECATED_OBJC_IMPLEMENTATIONS = YES;
				CLANG_WARN_DIRECT_OBJC_ISA_USAGE = YES_ERROR;
				CLANG_WARN_DOCUMENTATION_COMMENTS = YES;
				CLANG_WARN_EMPTY_BODY = YES;
				CLANG_WARN_ENUM_CONVERSION = YES;
				CLANG_WARN_INFINITE_RECURSION = YES;
				CLANG_WARN_INT_CONVERSION = YES;
				CLANG_WARN_NON_LITERAL_NULL_CONVERSION = YES;
				CLANG_WARN_OBJC_IMPLICIT_RETAIN_SELF = YES;
				CLANG_WARN_OBJC_LITERAL_CONVERSION = YES;
				CLANG_WARN_OBJC_ROOT_CLASS = YES_ERROR;
				CLANG_WARN_QUOTED_INCLUDE_IN_FRAMEWORK_HEADER = YES;
				CLANG_WARN_RANGE_LOOP_ANALYSIS = YES;
				CLANG_WARN_STRICT_PROTOTYPES = YES;
				CLANG_WARN_SUSPICIOUS_MOVE = YES;
				CLANG_WARN_UNGUARDED_AVAILABILITY = YES_AGGRESSIVE;
				CLANG_WARN_UNREACHABLE_CODE = YES;
				CLANG_WARN__DUPLICATE_METHOD_MATCH = YES;
				COPY_PHASE_STRIP = NO;
				DEBUG_INFORMATION_FORMAT = "dwarf-with-dsym";
				ENABLE_NS_ASSERTIONS = NO;
				ENABLE_STRICT_OBJC_MSGSEND = YES;
				GCC_C_LANGUAGE_STANDARD = gnu11;
				GCC_NO_COMMON_BLOCKS = YES;
				GCC_WARN_64_TO_32_BIT_CONVERSION = YES;
				GCC_WARN_ABOUT_RETURN_TYPE = YES_ERROR;
				GCC_WARN_UNDECLARED_SELECTOR = YES;
				GCC_WARN_UNINITIALIZED_AUTOS = YES_AGGRESSIVE;
				GCC_WARN_UNUSED_FUNCTION = YES;
				GCC_WARN_UNUSED_VARIABLE = YES;
				IPHONEOS_DEPLOYMENT_TARGET = 15.0;
				MTL_ENABLE_DEBUG_INFO = NO;
				MTL_FAST_MATH = YES;
				SDKROOT = iphoneos;
				SWIFT_COMPILATION_MODE = wholemodule;
				SWIFT_OPTIMIZATION_LEVEL = "-O";
				VALIDATE_PRODUCT = YES;
			};
			name = Release;
		};
		926C7C2B2737F93F0020F851 /* Debug */ = {
			isa = XCBuildConfiguration;
			buildSettings = {
				ASSETCATALOG_COMPILER_APPICON_NAME = AppIcon;
				ASSETCATALOG_COMPILER_GLOBAL_ACCENT_COLOR_NAME = AccentColor;
				CODE_SIGN_STYLE = Automatic;
				CURRENT_PROJECT_VERSION = 1;
				DEVELOPMENT_TEAM = 4QG3GC35LA;
				GENERATE_INFOPLIST_FILE = YES;
				INFOPLIST_FILE = ThunderRing/Info.plist;
				INFOPLIST_KEY_UIApplicationSupportsIndirectInputEvents = YES;
				INFOPLIST_KEY_UILaunchStoryboardName = LaunchScreen;
				INFOPLIST_KEY_UIMainStoryboardFile = Main;
				INFOPLIST_KEY_UISupportedInterfaceOrientations_iPad = "UIInterfaceOrientationPortrait UIInterfaceOrientationPortraitUpsideDown UIInterfaceOrientationLandscapeLeft UIInterfaceOrientationLandscapeRight";
				INFOPLIST_KEY_UISupportedInterfaceOrientations_iPhone = "UIInterfaceOrientationPortrait UIInterfaceOrientationLandscapeLeft UIInterfaceOrientationLandscapeRight";
				LD_RUNPATH_SEARCH_PATHS = (
					"$(inherited)",
					"@executable_path/Frameworks",
				);
				MARKETING_VERSION = 1.0;
				PRODUCT_BUNDLE_IDENTIFIER = soyeon.ThunderRing;
				PRODUCT_NAME = "$(TARGET_NAME)";
				SWIFT_EMIT_LOC_STRINGS = YES;
				SWIFT_VERSION = 5.0;
				TARGETED_DEVICE_FAMILY = "1,2";
			};
			name = Debug;
		};
		926C7C2C2737F93F0020F851 /* Release */ = {
			isa = XCBuildConfiguration;
			buildSettings = {
				ASSETCATALOG_COMPILER_APPICON_NAME = AppIcon;
				ASSETCATALOG_COMPILER_GLOBAL_ACCENT_COLOR_NAME = AccentColor;
				CODE_SIGN_STYLE = Automatic;
				CURRENT_PROJECT_VERSION = 1;
				DEVELOPMENT_TEAM = 4QG3GC35LA;
				GENERATE_INFOPLIST_FILE = YES;
				INFOPLIST_FILE = ThunderRing/Info.plist;
				INFOPLIST_KEY_UIApplicationSupportsIndirectInputEvents = YES;
				INFOPLIST_KEY_UILaunchStoryboardName = LaunchScreen;
				INFOPLIST_KEY_UIMainStoryboardFile = Main;
				INFOPLIST_KEY_UISupportedInterfaceOrientations_iPad = "UIInterfaceOrientationPortrait UIInterfaceOrientationPortraitUpsideDown UIInterfaceOrientationLandscapeLeft UIInterfaceOrientationLandscapeRight";
				INFOPLIST_KEY_UISupportedInterfaceOrientations_iPhone = "UIInterfaceOrientationPortrait UIInterfaceOrientationLandscapeLeft UIInterfaceOrientationLandscapeRight";
				LD_RUNPATH_SEARCH_PATHS = (
					"$(inherited)",
					"@executable_path/Frameworks",
				);
				MARKETING_VERSION = 1.0;
				PRODUCT_BUNDLE_IDENTIFIER = soyeon.ThunderRing;
				PRODUCT_NAME = "$(TARGET_NAME)";
				SWIFT_EMIT_LOC_STRINGS = YES;
				SWIFT_VERSION = 5.0;
				TARGETED_DEVICE_FAMILY = "1,2";
			};
			name = Release;
		};
/* End XCBuildConfiguration section */

/* Begin XCConfigurationList section */
		926C7C112737F93E0020F851 /* Build configuration list for PBXProject "ThunderRing" */ = {
			isa = XCConfigurationList;
			buildConfigurations = (
				926C7C282737F93F0020F851 /* Debug */,
				926C7C292737F93F0020F851 /* Release */,
			);
			defaultConfigurationIsVisible = 0;
			defaultConfigurationName = Release;
		};
		926C7C2A2737F93F0020F851 /* Build configuration list for PBXNativeTarget "ThunderRing" */ = {
			isa = XCConfigurationList;
			buildConfigurations = (
				926C7C2B2737F93F0020F851 /* Debug */,
				926C7C2C2737F93F0020F851 /* Release */,
			);
			defaultConfigurationIsVisible = 0;
			defaultConfigurationName = Release;
		};
/* End XCConfigurationList section */

/* Begin XCRemoteSwiftPackageReference section */
		926C7C382737FC340020F851 /* XCRemoteSwiftPackageReference "SnapKit" */ = {
			isa = XCRemoteSwiftPackageReference;
			repositoryURL = "https://github.com/SnapKit/SnapKit.git";
			requirement = {
				branch = develop;
				kind = branch;
			};
		};
		926C7C3B2737FC4D0020F851 /* XCRemoteSwiftPackageReference "lottie-ios" */ = {
			isa = XCRemoteSwiftPackageReference;
			repositoryURL = "https://github.com/airbnb/lottie-ios";
			requirement = {
				branch = master;
				kind = branch;
			};
		};
		926C7C3E2737FC850020F851 /* XCRemoteSwiftPackageReference "Then" */ = {
			isa = XCRemoteSwiftPackageReference;
			repositoryURL = "https://github.com/devxoul/Then";
			requirement = {
				kind = upToNextMajorVersion;
				minimumVersion = 2.0.0;
			};
		};
/* End XCRemoteSwiftPackageReference section */

/* Begin XCSwiftPackageProductDependency section */
		926C7C392737FC340020F851 /* SnapKit */ = {
			isa = XCSwiftPackageProductDependency;
			package = 926C7C382737FC340020F851 /* XCRemoteSwiftPackageReference "SnapKit" */;
			productName = SnapKit;
		};
		926C7C3C2737FC4D0020F851 /* Lottie */ = {
			isa = XCSwiftPackageProductDependency;
			package = 926C7C3B2737FC4D0020F851 /* XCRemoteSwiftPackageReference "lottie-ios" */;
			productName = Lottie;
		};
		926C7C3F2737FC850020F851 /* Then */ = {
			isa = XCSwiftPackageProductDependency;
			package = 926C7C3E2737FC850020F851 /* XCRemoteSwiftPackageReference "Then" */;
			productName = Then;
		};
/* End XCSwiftPackageProductDependency section */
	};
	rootObject = 926C7C0E2737F93E0020F851 /* Project object */;
}
