// !$*UTF8*$!
{
	archiveVersion = 1;
	classes = {
	};
	objectVersion = 55;
	objects = {

/* Begin PBXBuildFile section */
		926C7C1A2737F93E0020F851 /* AppDelegate.swift in Sources */ = {isa = PBXBuildFile; fileRef = 926C7C192737F93E0020F851 /* AppDelegate.swift */; };
		926C7C1C2737F93E0020F851 /* SceneDelegate.swift in Sources */ = {isa = PBXBuildFile; fileRef = 926C7C1B2737F93E0020F851 /* SceneDelegate.swift */; };
		926C7C1E2737F93E0020F851 /* MainVC.swift in Sources */ = {isa = PBXBuildFile; fileRef = 926C7C1D2737F93E0020F851 /* MainVC.swift */; };
		926C7C212737F93E0020F851 /* Main.storyboard in Resources */ = {isa = PBXBuildFile; fileRef = 926C7C1F2737F93E0020F851 /* Main.storyboard */; };
		926C7C232737F93F0020F851 /* Assets.xcassets in Resources */ = {isa = PBXBuildFile; fileRef = 926C7C222737F93F0020F851 /* Assets.xcassets */; };
		926C7C262737F93F0020F851 /* LaunchScreen.storyboard in Resources */ = {isa = PBXBuildFile; fileRef = 926C7C242737F93F0020F851 /* LaunchScreen.storyboard */; };
		926C7C372737FB4C0020F851 /* UIView+.swift in Sources */ = {isa = PBXBuildFile; fileRef = 926C7C362737FB4C0020F851 /* UIView+.swift */; };
		926C7C3A2737FC340020F851 /* SnapKit in Frameworks */ = {isa = PBXBuildFile; productRef = 926C7C392737FC340020F851 /* SnapKit */; };
		926C7C3D2737FC4D0020F851 /* Lottie in Frameworks */ = {isa = PBXBuildFile; productRef = 926C7C3C2737FC4D0020F851 /* Lottie */; };
		926C7C402737FC850020F851 /* Then in Frameworks */ = {isa = PBXBuildFile; productRef = 926C7C3F2737FC850020F851 /* Then */; };
		926C7C422737FE7B0020F851 /* UITextField+.swift in Sources */ = {isa = PBXBuildFile; fileRef = 926C7C412737FE7B0020F851 /* UITextField+.swift */; };
/* End PBXBuildFile section */

/* Begin PBXFileReference section */
		926C7C162737F93E0020F851 /* ThunderRing.app */ = {isa = PBXFileReference; explicitFileType = wrapper.application; includeInIndex = 0; path = ThunderRing.app; sourceTree = BUILT_PRODUCTS_DIR; };
		926C7C192737F93E0020F851 /* AppDelegate.swift */ = {isa = PBXFileReference; lastKnownFileType = sourcecode.swift; path = AppDelegate.swift; sourceTree = "<group>"; };
		926C7C1B2737F93E0020F851 /* SceneDelegate.swift */ = {isa = PBXFileReference; lastKnownFileType = sourcecode.swift; path = SceneDelegate.swift; sourceTree = "<group>"; };
		926C7C1D2737F93E0020F851 /* MainVC.swift */ = {isa = PBXFileReference; lastKnownFileType = sourcecode.swift; path = MainVC.swift; sourceTree = "<group>"; };
		926C7C202737F93E0020F851 /* Base */ = {isa = PBXFileReference; lastKnownFileType = file.storyboard; name = Base; path = Base.lproj/Main.storyboard; sourceTree = "<group>"; };
		926C7C222737F93F0020F851 /* Assets.xcassets */ = {isa = PBXFileReference; lastKnownFileType = folder.assetcatalog; path = Assets.xcassets; sourceTree = "<group>"; };
		926C7C252737F93F0020F851 /* Base */ = {isa = PBXFileReference; lastKnownFileType = file.storyboard; name = Base; path = Base.lproj/LaunchScreen.storyboard; sourceTree = "<group>"; };
		926C7C272737F93F0020F851 /* Info.plist */ = {isa = PBXFileReference; lastKnownFileType = text.plist.xml; path = Info.plist; sourceTree = "<group>"; };
		926C7C362737FB4C0020F851 /* UIView+.swift */ = {isa = PBXFileReference; lastKnownFileType = sourcecode.swift; path = "UIView+.swift"; sourceTree = "<group>"; };
		926C7C412737FE7B0020F851 /* UITextField+.swift */ = {isa = PBXFileReference; lastKnownFileType = sourcecode.swift; path = "UITextField+.swift"; sourceTree = "<group>"; };
/* End PBXFileReference section */

/* Begin PBXFrameworksBuildPhase section */
		926C7C132737F93E0020F851 /* Frameworks */ = {
			isa = PBXFrameworksBuildPhase;
			buildActionMask = 2147483647;
			files = (
				926C7C3A2737FC340020F851 /* SnapKit in Frameworks */,
				926C7C402737FC850020F851 /* Then in Frameworks */,
				926C7C3D2737FC4D0020F851 /* Lottie in Frameworks */,
			);
			runOnlyForDeploymentPostprocessing = 0;
		};
/* End PBXFrameworksBuildPhase section */

/* Begin PBXGroup section */
		926C7C0D2737F93E0020F851 = {
			isa = PBXGroup;
			children = (
				926C7C182737F93E0020F851 /* ThunderRing */,
				926C7C172737F93E0020F851 /* Products */,
			);
			sourceTree = "<group>";
		};
		926C7C172737F93E0020F851 /* Products */ = {
			isa = PBXGroup;
			children = (
				926C7C162737F93E0020F851 /* ThunderRing.app */,
			);
			name = Products;
			sourceTree = "<group>";
		};
		926C7C182737F93E0020F851 /* ThunderRing */ = {
			isa = PBXGroup;
			children = (
				926C7C272737F93F0020F851 /* Info.plist */,
				926C7C2F2737F9D30020F851 /* Global */,
				926C7C2D2737F9C80020F851 /* Resources */,
				926C7C2E2737F9CE0020F851 /* Sources */,
			);
			path = ThunderRing;
			sourceTree = "<group>";
		};
		926C7C2D2737F9C80020F851 /* Resources */ = {
			isa = PBXGroup;
			children = (
				926C7C222737F93F0020F851 /* Assets.xcassets */,
				926C7C312737F9F40020F851 /* Storyboards */,
			);
			path = Resources;
			sourceTree = "<group>";
		};
		926C7C2E2737F9CE0020F851 /* Sources */ = {
			isa = PBXGroup;
			children = (
				926C7C342737FA170020F851 /* Chat */,
				926C7C332737FA120020F851 /* Main */,
			);
			path = Sources;
			sourceTree = "<group>";
		};
		926C7C2F2737F9D30020F851 /* Global */ = {
			isa = PBXGroup;
			children = (
				926C7C352737FB3A0020F851 /* Extensions */,
				926C7C302737F9E60020F851 /* Supports */,
			);
			path = Global;
			sourceTree = "<group>";
		};
		926C7C302737F9E60020F851 /* Supports */ = {
			isa = PBXGroup;
			children = (
				926C7C192737F93E0020F851 /* AppDelegate.swift */,
				926C7C1B2737F93E0020F851 /* SceneDelegate.swift */,
			);
			path = Supports;
			sourceTree = "<group>";
		};
		926C7C312737F9F40020F851 /* Storyboards */ = {
			isa = PBXGroup;
			children = (
				926C7C322737FA020020F851 /* Main */,
				926C7C242737F93F0020F851 /* LaunchScreen.storyboard */,
			);
			path = Storyboards;
			sourceTree = "<group>";
		};
		926C7C322737FA020020F851 /* Main */ = {
			isa = PBXGroup;
			children = (
				926C7C1F2737F93E0020F851 /* Main.storyboard */,
			);
			path = Main;
			sourceTree = "<group>";
		};
		926C7C332737FA120020F851 /* Main */ = {
			isa = PBXGroup;
			children = (
				926C7C1D2737F93E0020F851 /* MainVC.swift */,
			);
			path = Main;
			sourceTree = "<group>";
		};
		926C7C342737FA170020F851 /* Chat */ = {
			isa = PBXGroup;
			children = (
			);
			path = Chat;
			sourceTree = "<group>";
		};
		926C7C352737FB3A0020F851 /* Extensions */ = {
			isa = PBXGroup;
			children = (
				926C7C362737FB4C0020F851 /* UIView+.swift */,
				926C7C412737FE7B0020F851 /* UITextField+.swift */,
			);
			path = Extensions;
			sourceTree = "<group>";
		};
/* End PBXGroup section */

/* Begin PBXNativeTarget section */
		926C7C152737F93E0020F851 /* ThunderRing */ = {
			isa = PBXNativeTarget;
			buildConfigurationList = 926C7C2A2737F93F0020F851 /* Build configuration list for PBXNativeTarget "ThunderRing" */;
			buildPhases = (
				926C7C122737F93E0020F851 /* Sources */,
				926C7C132737F93E0020F851 /* Frameworks */,
				926C7C142737F93E0020F851 /* Resources */,
			);
			buildRules = (
			);
			dependencies = (
			);
			name = ThunderRing;
			packageProductDependencies = (
				926C7C392737FC340020F851 /* SnapKit */,
				926C7C3C2737FC4D0020F851 /* Lottie */,
				926C7C3F2737FC850020F851 /* Then */,
			);
			productName = ThunderRing;
			productReference = 926C7C162737F93E0020F851 /* ThunderRing.app */;
			productType = "com.apple.product-type.application";
		};
/* End PBXNativeTarget section */

/* Begin PBXProject section */
		926C7C0E2737F93E0020F851 /* Project object */ = {
			isa = PBXProject;
			attributes = {
				BuildIndependentTargetsInParallel = 1;
				LastSwiftUpdateCheck = 1310;
				LastUpgradeCheck = 1310;
				TargetAttributes = {
					926C7C152737F93E0020F851 = {
						CreatedOnToolsVersion = 13.1;
					};
				};
			};
			buildConfigurationList = 926C7C112737F93E0020F851 /* Build configuration list for PBXProject "ThunderRing" */;
			compatibilityVersion = "Xcode 13.0";
			developmentRegion = en;
			hasScannedForEncodings = 0;
			knownRegions = (
				en,
				Base,
			);
			mainGroup = 926C7C0D2737F93E0020F851;
			packageReferences = (
				926C7C382737FC340020F851 /* XCRemoteSwiftPackageReference "SnapKit" */,
				926C7C3B2737FC4D0020F851 /* XCRemoteSwiftPackageReference "lottie-ios" */,
				926C7C3E2737FC850020F851 /* XCRemoteSwiftPackageReference "Then" */,
			);
			productRefGroup = 926C7C172737F93E0020F851 /* Products */;
			projectDirPath = "";
			projectRoot = "";
			targets = (
				926C7C152737F93E0020F851 /* ThunderRing */,
			);
		};
/* End PBXProject section */

/* Begin PBXResourcesBuildPhase section */
		926C7C142737F93E0020F851 /* Resources */ = {
			isa = PBXResourcesBuildPhase;
			buildActionMask = 2147483647;
			files = (
				926C7C262737F93F0020F851 /* LaunchScreen.storyboard in Resources */,
				926C7C232737F93F0020F851 /* Assets.xcassets in Resources */,
				926C7C212737F93E0020F851 /* Main.storyboard in Resources */,
			);
			runOnlyForDeploymentPostprocessing = 0;
		};
/* End PBXResourcesBuildPhase section */

/* Begin PBXSourcesBuildPhase section */
		926C7C122737F93E0020F851 /* Sources */ = {
			isa = PBXSourcesBuildPhase;
			buildActionMask = 2147483647;
			files = (
				926C7C372737FB4C0020F851 /* UIView+.swift in Sources */,
				926C7C422737FE7B0020F851 /* UITextField+.swift in Sources */,
				926C7C1E2737F93E0020F851 /* MainVC.swift in Sources */,
				926C7C1A2737F93E0020F851 /* AppDelegate.swift in Sources */,
				926C7C1C2737F93E0020F851 /* SceneDelegate.swift in Sources */,
			);
			runOnlyForDeploymentPostprocessing = 0;
		};
/* End PBXSourcesBuildPhase section */

/* Begin PBXVariantGroup section */
		926C7C1F2737F93E0020F851 /* Main.storyboard */ = {
			isa = PBXVariantGroup;
			children = (
				926C7C202737F93E0020F851 /* Base */,
			);
			name = Main.storyboard;
			sourceTree = "<group>";
		};
		926C7C242737F93F0020F851 /* LaunchScreen.storyboard */ = {
			isa = PBXVariantGroup;
			children = (
				926C7C252737F93F0020F851 /* Base */,
			);
			name = LaunchScreen.storyboard;
			sourceTree = "<group>";
		};
/* End PBXVariantGroup section */

/* Begin XCBuildConfiguration section */
		926C7C282737F93F0020F851 /* Debug */ = {
			isa = XCBuildConfiguration;
			buildSettings = {
				ALWAYS_SEARCH_USER_PATHS = NO;
				CLANG_ANALYZER_NONNULL = YES;
				CLANG_ANALYZER_NUMBER_OBJECT_CONVERSION = YES_AGGRESSIVE;
				CLANG_CXX_LANGUAGE_STANDARD = "gnu++17";
				CLANG_CXX_LIBRARY = "libc++";
				CLANG_ENABLE_MODULES = YES;
				CLANG_ENABLE_OBJC_ARC = YES;
				CLANG_ENABLE_OBJC_WEAK = YES;
				CLANG_WARN_BLOCK_CAPTURE_AUTORELEASING = YES;
				CLANG_WARN_BOOL_CONVERSION = YES;
				CLANG_WARN_COMMA = YES;
				CLANG_WARN_CONSTANT_CONVERSION = YES;
				CLANG_WARN_DEPRECATED_OBJC_IMPLEMENTATIONS = YES;
				CLANG_WARN_DIRECT_OBJC_ISA_USAGE = YES_ERROR;
				CLANG_WARN_DOCUMENTATION_COMMENTS = YES;
				CLANG_WARN_EMPTY_BODY = YES;
				CLANG_WARN_ENUM_CONVERSION = YES;
				CLANG_WARN_INFINITE_RECURSION = YES;
				CLANG_WARN_INT_CONVERSION = YES;
				CLANG_WARN_NON_LITERAL_NULL_CONVERSION = YES;
				CLANG_WARN_OBJC_IMPLICIT_RETAIN_SELF = YES;
				CLANG_WARN_OBJC_LITERAL_CONVERSION = YES;
				CLANG_WARN_OBJC_ROOT_CLASS = YES_ERROR;
				CLANG_WARN_QUOTED_INCLUDE_IN_FRAMEWORK_HEADER = YES;
				CLANG_WARN_RANGE_LOOP_ANALYSIS = YES;
				CLANG_WARN_STRICT_PROTOTYPES = YES;
				CLANG_WARN_SUSPICIOUS_MOVE = YES;
				CLANG_WARN_UNGUARDED_AVAILABILITY = YES_AGGRESSIVE;
				CLANG_WARN_UNREACHABLE_CODE = YES;
				CLANG_WARN__DUPLICATE_METHOD_MATCH = YES;
				COPY_PHASE_STRIP = NO;
				DEBUG_INFORMATION_FORMAT = dwarf;
				ENABLE_STRICT_OBJC_MSGSEND = YES;
				ENABLE_TESTABILITY = YES;
				GCC_C_LANGUAGE_STANDARD = gnu11;
				GCC_DYNAMIC_NO_PIC = NO;
				GCC_NO_COMMON_BLOCKS = YES;
				GCC_OPTIMIZATION_LEVEL = 0;
				GCC_PREPROCESSOR_DEFINITIONS = (
					"DEBUG=1",
					"$(inherited)",
				);
				GCC_WARN_64_TO_32_BIT_CONVERSION = YES;
				GCC_WARN_ABOUT_RETURN_TYPE = YES_ERROR;
				GCC_WARN_UNDECLARED_SELECTOR = YES;
				GCC_WARN_UNINITIALIZED_AUTOS = YES_AGGRESSIVE;
				GCC_WARN_UNUSED_FUNCTION = YES;
				GCC_WARN_UNUSED_VARIABLE = YES;
				IPHONEOS_DEPLOYMENT_TARGET = 15.0;
				MTL_ENABLE_DEBUG_INFO = INCLUDE_SOURCE;
				MTL_FAST_MATH = YES;
				ONLY_ACTIVE_ARCH = YES;
				SDKROOT = iphoneos;
				SWIFT_ACTIVE_COMPILATION_CONDITIONS = DEBUG;
				SWIFT_OPTIMIZATION_LEVEL = "-Onone";
			};
			name = Debug;
		};
		926C7C292737F93F0020F851 /* Release */ = {
			isa = XCBuildConfiguration;
			buildSettings = {
				ALWAYS_SEARCH_USER_PATHS = NO;
				CLANG_ANALYZER_NONNULL = YES;
				CLANG_ANALYZER_NUMBER_OBJECT_CONVERSION = YES_AGGRESSIVE;
				CLANG_CXX_LANGUAGE_STANDARD = "gnu++17";
				CLANG_CXX_LIBRARY = "libc++";
				CLANG_ENABLE_MODULES = YES;
				CLANG_ENABLE_OBJC_ARC = YES;
				CLANG_ENABLE_OBJC_WEAK = YES;
				CLANG_WARN_BLOCK_CAPTURE_AUTORELEASING = YES;
				CLANG_WARN_BOOL_CONVERSION = YES;
				CLANG_WARN_COMMA = YES;
				CLANG_WARN_CONSTANT_CONVERSION = YES;
				CLANG_WARN_DEPRECATED_OBJC_IMPLEMENTATIONS = YES;
				CLANG_WARN_DIRECT_OBJC_ISA_USAGE = YES_ERROR;
				CLANG_WARN_DOCUMENTATION_COMMENTS = YES;
				CLANG_WARN_EMPTY_BODY = YES;
				CLANG_WARN_ENUM_CONVERSION = YES;
				CLANG_WARN_INFINITE_RECURSION = YES;
				CLANG_WARN_INT_CONVERSION = YES;
				CLANG_WARN_NON_LITERAL_NULL_CONVERSION = YES;
				CLANG_WARN_OBJC_IMPLICIT_RETAIN_SELF = YES;
				CLANG_WARN_OBJC_LITERAL_CONVERSION = YES;
				CLANG_WARN_OBJC_ROOT_CLASS = YES_ERROR;
				CLANG_WARN_QUOTED_INCLUDE_IN_FRAMEWORK_HEADER = YES;
				CLANG_WARN_RANGE_LOOP_ANALYSIS = YES;
				CLANG_WARN_STRICT_PROTOTYPES = YES;
				CLANG_WARN_SUSPICIOUS_MOVE = YES;
				CLANG_WARN_UNGUARDED_AVAILABILITY = YES_AGGRESSIVE;
				CLANG_WARN_UNREACHABLE_CODE = YES;
				CLANG_WARN__DUPLICATE_METHOD_MATCH = YES;
				COPY_PHASE_STRIP = NO;
				DEBUG_INFORMATION_FORMAT = "dwarf-with-dsym";
				ENABLE_NS_ASSERTIONS = NO;
				ENABLE_STRICT_OBJC_MSGSEND = YES;
				GCC_C_LANGUAGE_STANDARD = gnu11;
				GCC_NO_COMMON_BLOCKS = YES;
				GCC_WARN_64_TO_32_BIT_CONVERSION = YES;
				GCC_WARN_ABOUT_RETURN_TYPE = YES_ERROR;
				GCC_WARN_UNDECLARED_SELECTOR = YES;
				GCC_WARN_UNINITIALIZED_AUTOS = YES_AGGRESSIVE;
				GCC_WARN_UNUSED_FUNCTION = YES;
				GCC_WARN_UNUSED_VARIABLE = YES;
				IPHONEOS_DEPLOYMENT_TARGET = 15.0;
				MTL_ENABLE_DEBUG_INFO = NO;
				MTL_FAST_MATH = YES;
				SDKROOT = iphoneos;
				SWIFT_COMPILATION_MODE = wholemodule;
				SWIFT_OPTIMIZATION_LEVEL = "-O";
				VALIDATE_PRODUCT = YES;
			};
			name = Release;
		};
		926C7C2B2737F93F0020F851 /* Debug */ = {
			isa = XCBuildConfiguration;
			buildSettings = {
				ASSETCATALOG_COMPILER_APPICON_NAME = AppIcon;
				ASSETCATALOG_COMPILER_GLOBAL_ACCENT_COLOR_NAME = AccentColor;
				CODE_SIGN_STYLE = Automatic;
				CURRENT_PROJECT_VERSION = 1;
				DEVELOPMENT_TEAM = 4QG3GC35LA;
				GENERATE_INFOPLIST_FILE = YES;
				INFOPLIST_FILE = ThunderRing/Info.plist;
				INFOPLIST_KEY_UIApplicationSupportsIndirectInputEvents = YES;
				INFOPLIST_KEY_UILaunchStoryboardName = LaunchScreen;
				INFOPLIST_KEY_UIMainStoryboardFile = Main;
				INFOPLIST_KEY_UISupportedInterfaceOrientations_iPad = "UIInterfaceOrientationPortrait UIInterfaceOrientationPortraitUpsideDown UIInterfaceOrientationLandscapeLeft UIInterfaceOrientationLandscapeRight";
				INFOPLIST_KEY_UISupportedInterfaceOrientations_iPhone = "UIInterfaceOrientationPortrait UIInterfaceOrientationLandscapeLeft UIInterfaceOrientationLandscapeRight";
				LD_RUNPATH_SEARCH_PATHS = (
					"$(inherited)",
					"@executable_path/Frameworks",
				);
				MARKETING_VERSION = 1.0;
				PRODUCT_BUNDLE_IDENTIFIER = soyeon.ThunderRing;
				PRODUCT_NAME = "$(TARGET_NAME)";
				SWIFT_EMIT_LOC_STRINGS = YES;
				SWIFT_VERSION = 5.0;
				TARGETED_DEVICE_FAMILY = "1,2";
			};
			name = Debug;
		};
		926C7C2C2737F93F0020F851 /* Release */ = {
			isa = XCBuildConfiguration;
			buildSettings = {
				ASSETCATALOG_COMPILER_APPICON_NAME = AppIcon;
				ASSETCATALOG_COMPILER_GLOBAL_ACCENT_COLOR_NAME = AccentColor;
				CODE_SIGN_STYLE = Automatic;
				CURRENT_PROJECT_VERSION = 1;
				DEVELOPMENT_TEAM = 4QG3GC35LA;
				GENERATE_INFOPLIST_FILE = YES;
				INFOPLIST_FILE = ThunderRing/Info.plist;
				INFOPLIST_KEY_UIApplicationSupportsIndirectInputEvents = YES;
				INFOPLIST_KEY_UILaunchStoryboardName = LaunchScreen;
				INFOPLIST_KEY_UIMainStoryboardFile = Main;
				INFOPLIST_KEY_UISupportedInterfaceOrientations_iPad = "UIInterfaceOrientationPortrait UIInterfaceOrientationPortraitUpsideDown UIInterfaceOrientationLandscapeLeft UIInterfaceOrientationLandscapeRight";
				INFOPLIST_KEY_UISupportedInterfaceOrientations_iPhone = "UIInterfaceOrientationPortrait UIInterfaceOrientationLandscapeLeft UIInterfaceOrientationLandscapeRight";
				LD_RUNPATH_SEARCH_PATHS = (
					"$(inherited)",
					"@executable_path/Frameworks",
				);
				MARKETING_VERSION = 1.0;
				PRODUCT_BUNDLE_IDENTIFIER = soyeon.ThunderRing;
				PRODUCT_NAME = "$(TARGET_NAME)";
				SWIFT_EMIT_LOC_STRINGS = YES;
				SWIFT_VERSION = 5.0;
				TARGETED_DEVICE_FAMILY = "1,2";
			};
			name = Release;
		};
/* End XCBuildConfiguration section */

/* Begin XCConfigurationList section */
		926C7C112737F93E0020F851 /* Build configuration list for PBXProject "ThunderRing" */ = {
			isa = XCConfigurationList;
			buildConfigurations = (
				926C7C282737F93F0020F851 /* Debug */,
				926C7C292737F93F0020F851 /* Release */,
			);
			defaultConfigurationIsVisible = 0;
			defaultConfigurationName = Release;
		};
		926C7C2A2737F93F0020F851 /* Build configuration list for PBXNativeTarget "ThunderRing" */ = {
			isa = XCConfigurationList;
			buildConfigurations = (
				926C7C2B2737F93F0020F851 /* Debug */,
				926C7C2C2737F93F0020F851 /* Release */,
			);
			defaultConfigurationIsVisible = 0;
			defaultConfigurationName = Release;
		};
/* End XCConfigurationList section */

/* Begin XCRemoteSwiftPackageReference section */
		926C7C382737FC340020F851 /* XCRemoteSwiftPackageReference "SnapKit" */ = {
			isa = XCRemoteSwiftPackageReference;
			repositoryURL = "https://github.com/SnapKit/SnapKit.git";
			requirement = {
				branch = develop;
				kind = branch;
			};
		};
		926C7C3B2737FC4D0020F851 /* XCRemoteSwiftPackageReference "lottie-ios" */ = {
			isa = XCRemoteSwiftPackageReference;
			repositoryURL = "https://github.com/airbnb/lottie-ios";
			requirement = {
				branch = master;
				kind = branch;
			};
		};
		926C7C3E2737FC850020F851 /* XCRemoteSwiftPackageReference "Then" */ = {
			isa = XCRemoteSwiftPackageReference;
			repositoryURL = "https://github.com/devxoul/Then";
			requirement = {
				kind = upToNextMajorVersion;
				minimumVersion = 2.0.0;
			};
		};
/* End XCRemoteSwiftPackageReference section */

/* Begin XCSwiftPackageProductDependency section */
		926C7C392737FC340020F851 /* SnapKit */ = {
			isa = XCSwiftPackageProductDependency;
			package = 926C7C382737FC340020F851 /* XCRemoteSwiftPackageReference "SnapKit" */;
			productName = SnapKit;
		};
		926C7C3C2737FC4D0020F851 /* Lottie */ = {
			isa = XCSwiftPackageProductDependency;
			package = 926C7C3B2737FC4D0020F851 /* XCRemoteSwiftPackageReference "lottie-ios" */;
			productName = Lottie;
		};
		926C7C3F2737FC850020F851 /* Then */ = {
			isa = XCSwiftPackageProductDependency;
			package = 926C7C3E2737FC850020F851 /* XCRemoteSwiftPackageReference "Then" */;
			productName = Then;
		};
/* End XCSwiftPackageProductDependency section */
	};
	rootObject = 926C7C0E2737F93E0020F851 /* Project object */;
}
